// !$*UTF8*$!
{
	archiveVersion = 1;
	classes = {
	};
	objectVersion = 46;
	objects = {

/* Begin PBXBuildFile section */
		1E82EDC41D391EF400775DA0 /* PlaybasisTestSuite.m in Sources */ = {isa = PBXBuildFile; fileRef = 1E82EDC31D391EF400775DA0 /* PlaybasisTestSuite.m */; };
		1E82EDC61D391EF400775DA0 /* Playbasis.framework in Frameworks */ = {isa = PBXBuildFile; fileRef = 1EB064CB1D368CB3002CA239 /* Playbasis.framework */; };
		1E82EDCD1D39203A00775DA0 /* TestAuthAPI.m in Sources */ = {isa = PBXBuildFile; fileRef = 1E82EDCC1D39203A00775DA0 /* TestAuthAPI.m */; };
		1E82EDD01D3922D000775DA0 /* Playbasis.framework in CopyFiles */ = {isa = PBXBuildFile; fileRef = 1EB064CB1D368CB3002CA239 /* Playbasis.framework */; settings = {ATTRIBUTES = (CodeSignOnCopy, RemoveHeadersOnCopy, ); }; };
		1E82EDD41D39232B00775DA0 /* OCMapper.framework in Frameworks */ = {isa = PBXBuildFile; fileRef = 1E82EDD11D3922FB00775DA0 /* OCMapper.framework */; };
		1E82EDD61D39294E00775DA0 /* OCMapper.framework in CopyFiles */ = {isa = PBXBuildFile; fileRef = 1E82EDD11D3922FB00775DA0 /* OCMapper.framework */; settings = {ATTRIBUTES = (CodeSignOnCopy, RemoveHeadersOnCopy, ); }; };
		1EB064CF1D368CB3002CA239 /* Playbasis.h in Headers */ = {isa = PBXBuildFile; fileRef = 1EB064CD1D368CB3002CA239 /* Playbasis.h */; settings = {ATTRIBUTES = (Public, ); }; };
		1EB065011D368E02002CA239 /* JSONKit.h in Headers */ = {isa = PBXBuildFile; fileRef = 1EB064D31D368E02002CA239 /* JSONKit.h */; settings = {ATTRIBUTES = (Public, ); }; };
		1EB065021D368E02002CA239 /* JSONKit.m in Sources */ = {isa = PBXBuildFile; fileRef = 1EB064D41D368E02002CA239 /* JSONKit.m */; settings = {COMPILER_FLAGS = "-fno-objc-arc"; }; };
		1EB065031D368E02002CA239 /* KLCPopup.h in Headers */ = {isa = PBXBuildFile; fileRef = 1EB064D71D368E02002CA239 /* KLCPopup.h */; settings = {ATTRIBUTES = (Public, ); }; };
		1EB065041D368E02002CA239 /* KLCPopup.m in Sources */ = {isa = PBXBuildFile; fileRef = 1EB064D81D368E02002CA239 /* KLCPopup.m */; };
		1EB065051D368E02002CA239 /* MBProgressHUD.h in Headers */ = {isa = PBXBuildFile; fileRef = 1EB064DA1D368E02002CA239 /* MBProgressHUD.h */; settings = {ATTRIBUTES = (Public, ); }; };
		1EB065061D368E02002CA239 /* MBProgressHUD.m in Sources */ = {isa = PBXBuildFile; fileRef = 1EB064DB1D368E02002CA239 /* MBProgressHUD.m */; };
		1EB065071D368E02002CA239 /* Reachability.h in Headers */ = {isa = PBXBuildFile; fileRef = 1EB064DD1D368E02002CA239 /* Reachability.h */; settings = {ATTRIBUTES = (Public, ); }; };
		1EB065081D368E02002CA239 /* Reachability.m in Sources */ = {isa = PBXBuildFile; fileRef = 1EB064DE1D368E02002CA239 /* Reachability.m */; };
		1EB065091D368E02002CA239 /* RNCryptor+Private.h in Headers */ = {isa = PBXBuildFile; fileRef = 1EB064E01D368E02002CA239 /* RNCryptor+Private.h */; settings = {ATTRIBUTES = (Public, ); }; };
		1EB0650A1D368E02002CA239 /* RNCryptor-Prefix.pch in Headers */ = {isa = PBXBuildFile; fileRef = 1EB064E11D368E02002CA239 /* RNCryptor-Prefix.pch */; settings = {ATTRIBUTES = (Public, ); }; };
		1EB0650B1D368E02002CA239 /* RNCryptor.h in Headers */ = {isa = PBXBuildFile; fileRef = 1EB064E21D368E02002CA239 /* RNCryptor.h */; settings = {ATTRIBUTES = (Public, ); }; };
		1EB0650C1D368E02002CA239 /* RNCryptor.m in Sources */ = {isa = PBXBuildFile; fileRef = 1EB064E31D368E02002CA239 /* RNCryptor.m */; };
		1EB0650D1D368E02002CA239 /* RNCryptorEngine.h in Headers */ = {isa = PBXBuildFile; fileRef = 1EB064E41D368E02002CA239 /* RNCryptorEngine.h */; settings = {ATTRIBUTES = (Public, ); }; };
		1EB0650E1D368E02002CA239 /* RNCryptorEngine.m in Sources */ = {isa = PBXBuildFile; fileRef = 1EB064E51D368E02002CA239 /* RNCryptorEngine.m */; };
		1EB0650F1D368E02002CA239 /* RNDecryptor.h in Headers */ = {isa = PBXBuildFile; fileRef = 1EB064E61D368E02002CA239 /* RNDecryptor.h */; settings = {ATTRIBUTES = (Public, ); }; };
		1EB065101D368E02002CA239 /* RNDecryptor.m in Sources */ = {isa = PBXBuildFile; fileRef = 1EB064E71D368E02002CA239 /* RNDecryptor.m */; };
		1EB065111D368E02002CA239 /* RNEncryptor.h in Headers */ = {isa = PBXBuildFile; fileRef = 1EB064E81D368E02002CA239 /* RNEncryptor.h */; settings = {ATTRIBUTES = (Public, ); }; };
		1EB065121D368E02002CA239 /* RNEncryptor.m in Sources */ = {isa = PBXBuildFile; fileRef = 1EB064E91D368E02002CA239 /* RNEncryptor.m */; };
		1EB065131D368E02002CA239 /* NSMutableArray+QueueAndSerializationAdditions.h in Headers */ = {isa = PBXBuildFile; fileRef = 1EB064EA1D368E02002CA239 /* NSMutableArray+QueueAndSerializationAdditions.h */; settings = {ATTRIBUTES = (Public, ); }; };
		1EB065141D368E02002CA239 /* NSMutableArray+QueueAndSerializationAdditions.m in Sources */ = {isa = PBXBuildFile; fileRef = 1EB064EB1D368E02002CA239 /* NSMutableArray+QueueAndSerializationAdditions.m */; };
		1EB065151D368E02002CA239 /* PBCommon.h in Headers */ = {isa = PBXBuildFile; fileRef = 1EB064EC1D368E02002CA239 /* PBCommon.h */; settings = {ATTRIBUTES = (Public, ); }; };
		1EB065161D368E02002CA239 /* PBCommon.m in Sources */ = {isa = PBXBuildFile; fileRef = 1EB064ED1D368E02002CA239 /* PBCommon.m */; };
		1EB065171D368E02002CA239 /* PBConstants.h in Headers */ = {isa = PBXBuildFile; fileRef = 1EB064EE1D368E02002CA239 /* PBConstants.h */; settings = {ATTRIBUTES = (Public, ); }; };
		1EB065181D368E02002CA239 /* pblib-Prefix.pch in Headers */ = {isa = PBXBuildFile; fileRef = 1EB064EF1D368E02002CA239 /* pblib-Prefix.pch */; settings = {ATTRIBUTES = (Public, ); }; };
		1EB065191D368E02002CA239 /* PBMacros.h in Headers */ = {isa = PBXBuildFile; fileRef = 1EB064F01D368E02002CA239 /* PBMacros.h */; settings = {ATTRIBUTES = (Public, ); }; };
		1EB0651A1D368E02002CA239 /* PBRequestUnit.h in Headers */ = {isa = PBXBuildFile; fileRef = 1EB064F11D368E02002CA239 /* PBRequestUnit.h */; settings = {ATTRIBUTES = (Public, ); }; };
		1EB0651B1D368E02002CA239 /* PBRequestUnit.m in Sources */ = {isa = PBXBuildFile; fileRef = 1EB064F21D368E02002CA239 /* PBRequestUnit.m */; };
		1EB0651C1D368E02002CA239 /* PBResponses.h in Headers */ = {isa = PBXBuildFile; fileRef = 1EB064F31D368E02002CA239 /* PBResponses.h */; settings = {ATTRIBUTES = (Public, ); }; };
		1EB0651D1D368E02002CA239 /* PBResponses.m in Sources */ = {isa = PBXBuildFile; fileRef = 1EB064F41D368E02002CA239 /* PBResponses.m */; };
		1EB0651E1D368E02002CA239 /* PBSettings.h in Headers */ = {isa = PBXBuildFile; fileRef = 1EB064F51D368E02002CA239 /* PBSettings.h */; settings = {ATTRIBUTES = (Public, ); }; };
		1EB0651F1D368E02002CA239 /* PBTypes.h in Headers */ = {isa = PBXBuildFile; fileRef = 1EB064F61D368E02002CA239 /* PBTypes.h */; settings = {ATTRIBUTES = (Public, ); }; };
		1EB065201D368E02002CA239 /* PBUtils.h in Headers */ = {isa = PBXBuildFile; fileRef = 1EB064F71D368E02002CA239 /* PBUtils.h */; settings = {ATTRIBUTES = (Public, ); }; };
		1EB065211D368E02002CA239 /* PBUtils.m in Sources */ = {isa = PBXBuildFile; fileRef = 1EB064F81D368E02002CA239 /* PBUtils.m */; };
		1EB065221D368E02002CA239 /* Playbasis.m in Sources */ = {isa = PBXBuildFile; fileRef = 1EB064F91D368E02002CA239 /* Playbasis.m */; };
		1EB065231D368E02002CA239 /* PBStoryboard.storyboard in Resources */ = {isa = PBXBuildFile; fileRef = 1EB064FB1D368E02002CA239 /* PBStoryboard.storyboard */; };
		1EB065241D368E02002CA239 /* PBUI.h in Headers */ = {isa = PBXBuildFile; fileRef = 1EB064FC1D368E02002CA239 /* PBUI.h */; settings = {ATTRIBUTES = (Public, ); }; };
		1EB065251D368E02002CA239 /* pbUserRegistrationFormViewController.h in Headers */ = {isa = PBXBuildFile; fileRef = 1EB064FD1D368E02002CA239 /* pbUserRegistrationFormViewController.h */; settings = {ATTRIBUTES = (Public, ); }; };
		1EB065261D368E02002CA239 /* pbUserRegistrationFormViewController.m in Sources */ = {isa = PBXBuildFile; fileRef = 1EB064FE1D368E02002CA239 /* pbUserRegistrationFormViewController.m */; };
		1EB065271D368E02002CA239 /* UIImage+AutoLoader.h in Headers */ = {isa = PBXBuildFile; fileRef = 1EB064FF1D368E02002CA239 /* UIImage+AutoLoader.h */; settings = {ATTRIBUTES = (Public, ); }; };
		1EB065281D368E02002CA239 /* UIImage+AutoLoader.m in Sources */ = {isa = PBXBuildFile; fileRef = 1EB065001D368E02002CA239 /* UIImage+AutoLoader.m */; };
		1EB065BE1D36B47C002CA239 /* PlaybasisMacOS.h in Headers */ = {isa = PBXBuildFile; fileRef = 1EB065BC1D36B47C002CA239 /* PlaybasisMacOS.h */; settings = {ATTRIBUTES = (Public, ); }; };
		1EB065C21D36B509002CA239 /* JSONKit.h in Headers */ = {isa = PBXBuildFile; fileRef = 1EB064D31D368E02002CA239 /* JSONKit.h */; settings = {ATTRIBUTES = (Public, ); }; };
		1EB065C31D36B509002CA239 /* Reachability.h in Headers */ = {isa = PBXBuildFile; fileRef = 1EB064DD1D368E02002CA239 /* Reachability.h */; settings = {ATTRIBUTES = (Public, ); }; };
		1EB065C41D36B509002CA239 /* RNCryptor+Private.h in Headers */ = {isa = PBXBuildFile; fileRef = 1EB064E01D368E02002CA239 /* RNCryptor+Private.h */; settings = {ATTRIBUTES = (Public, ); }; };
		1EB065C51D36B509002CA239 /* RNCryptor-Prefix.pch in Headers */ = {isa = PBXBuildFile; fileRef = 1EB064E11D368E02002CA239 /* RNCryptor-Prefix.pch */; settings = {ATTRIBUTES = (Public, ); }; };
		1EB065C61D36B509002CA239 /* RNCryptor.h in Headers */ = {isa = PBXBuildFile; fileRef = 1EB064E21D368E02002CA239 /* RNCryptor.h */; settings = {ATTRIBUTES = (Public, ); }; };
		1EB065C71D36B509002CA239 /* RNCryptorEngine.h in Headers */ = {isa = PBXBuildFile; fileRef = 1EB064E41D368E02002CA239 /* RNCryptorEngine.h */; settings = {ATTRIBUTES = (Public, ); }; };
		1EB065C81D36B509002CA239 /* RNDecryptor.h in Headers */ = {isa = PBXBuildFile; fileRef = 1EB064E61D368E02002CA239 /* RNDecryptor.h */; settings = {ATTRIBUTES = (Public, ); }; };
		1EB065C91D36B509002CA239 /* RNEncryptor.h in Headers */ = {isa = PBXBuildFile; fileRef = 1EB064E81D368E02002CA239 /* RNEncryptor.h */; settings = {ATTRIBUTES = (Public, ); }; };
		1EB065CA1D36B509002CA239 /* NSMutableArray+QueueAndSerializationAdditions.h in Headers */ = {isa = PBXBuildFile; fileRef = 1EB064EA1D368E02002CA239 /* NSMutableArray+QueueAndSerializationAdditions.h */; settings = {ATTRIBUTES = (Public, ); }; };
		1EB065CB1D36B509002CA239 /* PBCommon.h in Headers */ = {isa = PBXBuildFile; fileRef = 1EB064EC1D368E02002CA239 /* PBCommon.h */; settings = {ATTRIBUTES = (Public, ); }; };
		1EB065CC1D36B509002CA239 /* PBConstants.h in Headers */ = {isa = PBXBuildFile; fileRef = 1EB064EE1D368E02002CA239 /* PBConstants.h */; settings = {ATTRIBUTES = (Public, ); }; };
		1EB065CD1D36B509002CA239 /* PBMacros.h in Headers */ = {isa = PBXBuildFile; fileRef = 1EB064F01D368E02002CA239 /* PBMacros.h */; settings = {ATTRIBUTES = (Public, ); }; };
		1EB065CE1D36B509002CA239 /* PBRequestUnit.h in Headers */ = {isa = PBXBuildFile; fileRef = 1EB064F11D368E02002CA239 /* PBRequestUnit.h */; settings = {ATTRIBUTES = (Public, ); }; };
		1EB065CF1D36B509002CA239 /* PBResponses.h in Headers */ = {isa = PBXBuildFile; fileRef = 1EB064F31D368E02002CA239 /* PBResponses.h */; settings = {ATTRIBUTES = (Public, ); }; };
		1EB065D01D36B50A002CA239 /* PBSettings.h in Headers */ = {isa = PBXBuildFile; fileRef = 1EB064F51D368E02002CA239 /* PBSettings.h */; settings = {ATTRIBUTES = (Public, ); }; };
		1EB065D11D36B50A002CA239 /* PBTypes.h in Headers */ = {isa = PBXBuildFile; fileRef = 1EB064F61D368E02002CA239 /* PBTypes.h */; settings = {ATTRIBUTES = (Public, ); }; };
		1EB065D21D36B50A002CA239 /* PBUtils.h in Headers */ = {isa = PBXBuildFile; fileRef = 1EB064F71D368E02002CA239 /* PBUtils.h */; settings = {ATTRIBUTES = (Public, ); }; };
		1EB065D31D36B542002CA239 /* JSONKit.m in Sources */ = {isa = PBXBuildFile; fileRef = 1EB064D41D368E02002CA239 /* JSONKit.m */; settings = {COMPILER_FLAGS = "-fno-objc-arc"; }; };
		1EB065D41D36B542002CA239 /* Reachability.m in Sources */ = {isa = PBXBuildFile; fileRef = 1EB064DE1D368E02002CA239 /* Reachability.m */; };
		1EB065D51D36B542002CA239 /* RNCryptor.m in Sources */ = {isa = PBXBuildFile; fileRef = 1EB064E31D368E02002CA239 /* RNCryptor.m */; };
		1EB065D61D36B542002CA239 /* RNCryptorEngine.m in Sources */ = {isa = PBXBuildFile; fileRef = 1EB064E51D368E02002CA239 /* RNCryptorEngine.m */; };
		1EB065D71D36B542002CA239 /* RNDecryptor.m in Sources */ = {isa = PBXBuildFile; fileRef = 1EB064E71D368E02002CA239 /* RNDecryptor.m */; };
		1EB065D81D36B542002CA239 /* RNEncryptor.m in Sources */ = {isa = PBXBuildFile; fileRef = 1EB064E91D368E02002CA239 /* RNEncryptor.m */; };
		1EB065D91D36B542002CA239 /* NSMutableArray+QueueAndSerializationAdditions.m in Sources */ = {isa = PBXBuildFile; fileRef = 1EB064EB1D368E02002CA239 /* NSMutableArray+QueueAndSerializationAdditions.m */; };
		1EB065DA1D36B542002CA239 /* PBCommon.m in Sources */ = {isa = PBXBuildFile; fileRef = 1EB064ED1D368E02002CA239 /* PBCommon.m */; };
		1EB065DB1D36B542002CA239 /* PBRequestUnit.m in Sources */ = {isa = PBXBuildFile; fileRef = 1EB064F21D368E02002CA239 /* PBRequestUnit.m */; };
		1EB065DC1D36B542002CA239 /* PBResponses.m in Sources */ = {isa = PBXBuildFile; fileRef = 1EB064F41D368E02002CA239 /* PBResponses.m */; };
		1EB065DD1D36B542002CA239 /* PBUtils.m in Sources */ = {isa = PBXBuildFile; fileRef = 1EB064F81D368E02002CA239 /* PBUtils.m */; };
		1EB065DE1D36B542002CA239 /* Playbasis.m in Sources */ = {isa = PBXBuildFile; fileRef = 1EB064F91D368E02002CA239 /* Playbasis.m */; };
		1EB065EB1D3746D3002CA239 /* PlaybasisWrapper.h in Headers */ = {isa = PBXBuildFile; fileRef = 1EB065E91D3746D3002CA239 /* PlaybasisWrapper.h */; settings = {ATTRIBUTES = (Public, ); }; };
		1EB065F51D374779002CA239 /* PlaybasisResponsesWrapper.h in Headers */ = {isa = PBXBuildFile; fileRef = 1EB065EF1D374779002CA239 /* PlaybasisResponsesWrapper.h */; settings = {ATTRIBUTES = (Public, ); }; };
		1EB065F61D374779002CA239 /* PlaybasisWrapper.mm in Sources */ = {isa = PBXBuildFile; fileRef = 1EB065F01D374779002CA239 /* PlaybasisWrapper.mm */; };
		1EB065F71D374779002CA239 /* PlaybasisWrapperTester.mm in Sources */ = {isa = PBXBuildFile; fileRef = 1EB065F11D374779002CA239 /* PlaybasisWrapperTester.mm */; };
		1EB065F81D374779002CA239 /* Populator.h in Headers */ = {isa = PBXBuildFile; fileRef = 1EB065F21D374779002CA239 /* Populator.h */; };
		1EB065F91D374779002CA239 /* Populator.mm in Sources */ = {isa = PBXBuildFile; fileRef = 1EB065F31D374779002CA239 /* Populator.mm */; };
		1EB065FA1D374779002CA239 /* Util.h in Headers */ = {isa = PBXBuildFile; fileRef = 1EB065F41D374779002CA239 /* Util.h */; };
		1EB065FD1D3747BF002CA239 /* Playbasis.framework in Frameworks */ = {isa = PBXBuildFile; fileRef = 1EB064CB1D368CB3002CA239 /* Playbasis.framework */; };
		1EB0660F1D374E1B002CA239 /* PlaybasisMacOSWrapper.h in Headers */ = {isa = PBXBuildFile; fileRef = 1EB0660D1D374E1B002CA239 /* PlaybasisMacOSWrapper.h */; settings = {ATTRIBUTES = (Public, ); }; };
		1EB066151D374E2C002CA239 /* PlaybasisMacOS.framework in Frameworks */ = {isa = PBXBuildFile; fileRef = 1EB065BA1D36B47C002CA239 /* PlaybasisMacOS.framework */; };
		1EB066161D374E49002CA239 /* PlaybasisWrapper.mm in Sources */ = {isa = PBXBuildFile; fileRef = 1EB065F01D374779002CA239 /* PlaybasisWrapper.mm */; };
		1EB066171D374E49002CA239 /* PlaybasisWrapperTester.mm in Sources */ = {isa = PBXBuildFile; fileRef = 1EB065F11D374779002CA239 /* PlaybasisWrapperTester.mm */; };
		1EB066181D374E49002CA239 /* Populator.mm in Sources */ = {isa = PBXBuildFile; fileRef = 1EB065F31D374779002CA239 /* Populator.mm */; };
		1EB066191D374E69002CA239 /* PlaybasisResponsesWrapper.h in Headers */ = {isa = PBXBuildFile; fileRef = 1EB065EF1D374779002CA239 /* PlaybasisResponsesWrapper.h */; settings = {ATTRIBUTES = (Public, ); }; };
		1EB0661A1D374E69002CA239 /* Populator.h in Headers */ = {isa = PBXBuildFile; fileRef = 1EB065F21D374779002CA239 /* Populator.h */; };
		1EB0661B1D374E69002CA239 /* Util.h in Headers */ = {isa = PBXBuildFile; fileRef = 1EB065F41D374779002CA239 /* Util.h */; };
		1EB0662E1D37503B002CA239 /* PlaybasisMacOS.framework in Frameworks */ = {isa = PBXBuildFile; fileRef = 1EB065BA1D36B47C002CA239 /* PlaybasisMacOS.framework */; };
		1EB0662F1D37503B002CA239 /* PlaybasisMacOSWrapper.framework in Frameworks */ = {isa = PBXBuildFile; fileRef = 1EB0660B1D374E1B002CA239 /* PlaybasisMacOSWrapper.framework */; };
		1EB066311D37505B002CA239 /* PlaybasisMacOS.framework in CopyFiles */ = {isa = PBXBuildFile; fileRef = 1EB065BA1D36B47C002CA239 /* PlaybasisMacOS.framework */; settings = {ATTRIBUTES = (CodeSignOnCopy, RemoveHeadersOnCopy, ); }; };
		1EB066321D37505B002CA239 /* PlaybasisMacOSWrapper.framework in CopyFiles */ = {isa = PBXBuildFile; fileRef = 1EB0660B1D374E1B002CA239 /* PlaybasisMacOSWrapper.framework */; settings = {ATTRIBUTES = (CodeSignOnCopy, RemoveHeadersOnCopy, ); }; };
		1EB0665F1D38A84F002CA239 /* PBAuth.h in Headers */ = {isa = PBXBuildFile; fileRef = 1EB0665D1D38A84F002CA239 /* PBAuth.h */; settings = {ATTRIBUTES = (Public, ); }; };
		1EB066601D38A84F002CA239 /* PBAuth.h in Headers */ = {isa = PBXBuildFile; fileRef = 1EB0665D1D38A84F002CA239 /* PBAuth.h */; };
		1EB066611D38A84F002CA239 /* PBAuth.m in Sources */ = {isa = PBXBuildFile; fileRef = 1EB0665E1D38A84F002CA239 /* PBAuth.m */; };
		1EB066621D38A84F002CA239 /* PBAuth.m in Sources */ = {isa = PBXBuildFile; fileRef = 1EB0665E1D38A84F002CA239 /* PBAuth.m */; };
		1EB066741D38EC29002CA239 /* CustomDeviceInfoHttpHeaderFields.h in Headers */ = {isa = PBXBuildFile; fileRef = 1EB066721D38EC29002CA239 /* CustomDeviceInfoHttpHeaderFields.h */; };
		1EB066751D38EC29002CA239 /* CustomDeviceInfoHttpHeaderFields.h in Headers */ = {isa = PBXBuildFile; fileRef = 1EB066721D38EC29002CA239 /* CustomDeviceInfoHttpHeaderFields.h */; };
		1EB066761D38EC29002CA239 /* CustomDeviceInfoHttpHeaderFields.m in Sources */ = {isa = PBXBuildFile; fileRef = 1EB066731D38EC29002CA239 /* CustomDeviceInfoHttpHeaderFields.m */; };
		1EB066771D38EC29002CA239 /* CustomDeviceInfoHttpHeaderFields.m in Sources */ = {isa = PBXBuildFile; fileRef = 1EB066731D38EC29002CA239 /* CustomDeviceInfoHttpHeaderFields.m */; };
		2E6FAA764163EE44BDDC184A /* Pods_PlaybasisMacOS.framework in Frameworks */ = {isa = PBXBuildFile; fileRef = B48FE7F1C2A3BF65374418AD /* Pods_PlaybasisMacOS.framework */; };
		534BFCF788C99904A6C87E24 /* Pods_Playbasis.framework in Frameworks */ = {isa = PBXBuildFile; fileRef = 4F71571528E3BB7B030879C5 /* Pods_Playbasis.framework */; };
/* End PBXBuildFile section */

/* Begin PBXContainerItemProxy section */
		1E82EDC71D391EF400775DA0 /* PBXContainerItemProxy */ = {
			isa = PBXContainerItemProxy;
			containerPortal = 2C1C74ED17461E1B005F3B57 /* Project object */;
			proxyType = 1;
			remoteGlobalIDString = 1EB064CA1D368CB3002CA239;
			remoteInfo = Playbasis;
		};
		1EB065FB1D3747AC002CA239 /* PBXContainerItemProxy */ = {
			isa = PBXContainerItemProxy;
			containerPortal = 2C1C74ED17461E1B005F3B57 /* Project object */;
			proxyType = 1;
			remoteGlobalIDString = 1EB064CA1D368CB3002CA239;
			remoteInfo = Playbasis;
		};
		1EB066131D374E24002CA239 /* PBXContainerItemProxy */ = {
			isa = PBXContainerItemProxy;
			containerPortal = 2C1C74ED17461E1B005F3B57 /* Project object */;
			proxyType = 1;
			remoteGlobalIDString = 1EB065B91D36B47C002CA239;
			remoteInfo = PlaybasisMacOS;
		};
		1EB0662A1D37502D002CA239 /* PBXContainerItemProxy */ = {
			isa = PBXContainerItemProxy;
			containerPortal = 2C1C74ED17461E1B005F3B57 /* Project object */;
			proxyType = 1;
			remoteGlobalIDString = 1EB065E61D3746D3002CA239;
			remoteInfo = PlaybasisWrapper;
		};
		1EB0662C1D37502D002CA239 /* PBXContainerItemProxy */ = {
			isa = PBXContainerItemProxy;
			containerPortal = 2C1C74ED17461E1B005F3B57 /* Project object */;
			proxyType = 1;
			remoteGlobalIDString = 1EB0660A1D374E1B002CA239;
			remoteInfo = PlaybasisMacOSWrapper;
		};
/* End PBXContainerItemProxy section */

/* Begin PBXCopyFilesBuildPhase section */
		1E82EDCE1D39225900775DA0 /* CopyFiles */ = {
			isa = PBXCopyFilesBuildPhase;
			buildActionMask = 2147483647;
			dstPath = "";
			dstSubfolderSpec = 10;
			files = (
				1E82EDD61D39294E00775DA0 /* OCMapper.framework in CopyFiles */,
				1E82EDD01D3922D000775DA0 /* Playbasis.framework in CopyFiles */,
			);
			runOnlyForDeploymentPostprocessing = 0;
		};
		1EB066301D37504E002CA239 /* CopyFiles */ = {
			isa = PBXCopyFilesBuildPhase;
			buildActionMask = 2147483647;
			dstPath = "";
			dstSubfolderSpec = 10;
			files = (
				1EB066311D37505B002CA239 /* PlaybasisMacOS.framework in CopyFiles */,
				1EB066321D37505B002CA239 /* PlaybasisMacOSWrapper.framework in CopyFiles */,
			);
			runOnlyForDeploymentPostprocessing = 0;
		};
/* End PBXCopyFilesBuildPhase section */

/* Begin PBXFileReference section */
		1675267138D27A92EDF476EE /* Pods-Playbasis.debug.xcconfig */ = {isa = PBXFileReference; includeInIndex = 1; lastKnownFileType = text.xcconfig; name = "Pods-Playbasis.debug.xcconfig"; path = "Pods/Target Support Files/Pods-Playbasis/Pods-Playbasis.debug.xcconfig"; sourceTree = "<group>"; };
		1E304A411A90BC83006F0C7F /* Security.framework */ = {isa = PBXFileReference; lastKnownFileType = wrapper.framework; name = Security.framework; path = System/Library/Frameworks/Security.framework; sourceTree = SDKROOT; };
		1E304A431A90BC8F006F0C7F /* MobileCoreServices.framework */ = {isa = PBXFileReference; lastKnownFileType = wrapper.framework; name = MobileCoreServices.framework; path = System/Library/Frameworks/MobileCoreServices.framework; sourceTree = SDKROOT; };
		1E82EDC11D391EF400775DA0 /* PlaybasisTestSuite.xctest */ = {isa = PBXFileReference; explicitFileType = wrapper.cfbundle; includeInIndex = 0; path = PlaybasisTestSuite.xctest; sourceTree = BUILT_PRODUCTS_DIR; };
		1E82EDC31D391EF400775DA0 /* PlaybasisTestSuite.m */ = {isa = PBXFileReference; lastKnownFileType = sourcecode.c.objc; path = PlaybasisTestSuite.m; sourceTree = "<group>"; };
		1E82EDC51D391EF400775DA0 /* Info.plist */ = {isa = PBXFileReference; lastKnownFileType = text.plist.xml; path = Info.plist; sourceTree = "<group>"; };
		1E82EDCC1D39203A00775DA0 /* TestAuthAPI.m */ = {isa = PBXFileReference; fileEncoding = 4; lastKnownFileType = sourcecode.c.objc; path = TestAuthAPI.m; sourceTree = "<group>"; };
		1E82EDD11D3922FB00775DA0 /* OCMapper.framework */ = {isa = PBXFileReference; lastKnownFileType = wrapper.framework; name = OCMapper.framework; path = "../../../../../Library/Developer/Xcode/DerivedData/pblib-aqpnecsyouvqmbaaxuhnudfocywz/Build/Products/Debug-iphonesimulator/OCMapper-iOS/OCMapper.framework"; sourceTree = "<group>"; };
		1EA3AE171A717A3C008F17F3 /* SystemConfiguration.framework */ = {isa = PBXFileReference; lastKnownFileType = wrapper.framework; name = SystemConfiguration.framework; path = System/Library/Frameworks/SystemConfiguration.framework; sourceTree = SDKROOT; };
		1EB064CB1D368CB3002CA239 /* Playbasis.framework */ = {isa = PBXFileReference; explicitFileType = wrapper.framework; includeInIndex = 0; path = Playbasis.framework; sourceTree = BUILT_PRODUCTS_DIR; };
		1EB064CD1D368CB3002CA239 /* Playbasis.h */ = {isa = PBXFileReference; lastKnownFileType = sourcecode.c.h; path = Playbasis.h; sourceTree = "<group>"; };
		1EB064CE1D368CB3002CA239 /* Info.plist */ = {isa = PBXFileReference; lastKnownFileType = text.plist.xml; path = Info.plist; sourceTree = "<group>"; };
		1EB064D31D368E02002CA239 /* JSONKit.h */ = {isa = PBXFileReference; fileEncoding = 4; lastKnownFileType = sourcecode.c.h; path = JSONKit.h; sourceTree = "<group>"; };
		1EB064D41D368E02002CA239 /* JSONKit.m */ = {isa = PBXFileReference; fileEncoding = 4; lastKnownFileType = sourcecode.c.objc; path = JSONKit.m; sourceTree = "<group>"; };
		1EB064D71D368E02002CA239 /* KLCPopup.h */ = {isa = PBXFileReference; fileEncoding = 4; lastKnownFileType = sourcecode.c.h; path = KLCPopup.h; sourceTree = "<group>"; };
		1EB064D81D368E02002CA239 /* KLCPopup.m */ = {isa = PBXFileReference; fileEncoding = 4; lastKnownFileType = sourcecode.c.objc; path = KLCPopup.m; sourceTree = "<group>"; };
		1EB064DA1D368E02002CA239 /* MBProgressHUD.h */ = {isa = PBXFileReference; fileEncoding = 4; lastKnownFileType = sourcecode.c.h; path = MBProgressHUD.h; sourceTree = "<group>"; };
		1EB064DB1D368E02002CA239 /* MBProgressHUD.m */ = {isa = PBXFileReference; fileEncoding = 4; lastKnownFileType = sourcecode.c.objc; path = MBProgressHUD.m; sourceTree = "<group>"; };
		1EB064DD1D368E02002CA239 /* Reachability.h */ = {isa = PBXFileReference; fileEncoding = 4; lastKnownFileType = sourcecode.c.h; path = Reachability.h; sourceTree = "<group>"; };
		1EB064DE1D368E02002CA239 /* Reachability.m */ = {isa = PBXFileReference; fileEncoding = 4; lastKnownFileType = sourcecode.c.objc; path = Reachability.m; sourceTree = "<group>"; };
		1EB064E01D368E02002CA239 /* RNCryptor+Private.h */ = {isa = PBXFileReference; fileEncoding = 4; lastKnownFileType = sourcecode.c.h; path = "RNCryptor+Private.h"; sourceTree = "<group>"; };
		1EB064E11D368E02002CA239 /* RNCryptor-Prefix.pch */ = {isa = PBXFileReference; fileEncoding = 4; lastKnownFileType = sourcecode.c.h; path = "RNCryptor-Prefix.pch"; sourceTree = "<group>"; };
		1EB064E21D368E02002CA239 /* RNCryptor.h */ = {isa = PBXFileReference; fileEncoding = 4; lastKnownFileType = sourcecode.c.h; path = RNCryptor.h; sourceTree = "<group>"; };
		1EB064E31D368E02002CA239 /* RNCryptor.m */ = {isa = PBXFileReference; fileEncoding = 4; lastKnownFileType = sourcecode.c.objc; path = RNCryptor.m; sourceTree = "<group>"; };
		1EB064E41D368E02002CA239 /* RNCryptorEngine.h */ = {isa = PBXFileReference; fileEncoding = 4; lastKnownFileType = sourcecode.c.h; path = RNCryptorEngine.h; sourceTree = "<group>"; };
		1EB064E51D368E02002CA239 /* RNCryptorEngine.m */ = {isa = PBXFileReference; fileEncoding = 4; lastKnownFileType = sourcecode.c.objc; path = RNCryptorEngine.m; sourceTree = "<group>"; };
		1EB064E61D368E02002CA239 /* RNDecryptor.h */ = {isa = PBXFileReference; fileEncoding = 4; lastKnownFileType = sourcecode.c.h; path = RNDecryptor.h; sourceTree = "<group>"; };
		1EB064E71D368E02002CA239 /* RNDecryptor.m */ = {isa = PBXFileReference; fileEncoding = 4; lastKnownFileType = sourcecode.c.objc; path = RNDecryptor.m; sourceTree = "<group>"; };
		1EB064E81D368E02002CA239 /* RNEncryptor.h */ = {isa = PBXFileReference; fileEncoding = 4; lastKnownFileType = sourcecode.c.h; path = RNEncryptor.h; sourceTree = "<group>"; };
		1EB064E91D368E02002CA239 /* RNEncryptor.m */ = {isa = PBXFileReference; fileEncoding = 4; lastKnownFileType = sourcecode.c.objc; path = RNEncryptor.m; sourceTree = "<group>"; };
		1EB064EA1D368E02002CA239 /* NSMutableArray+QueueAndSerializationAdditions.h */ = {isa = PBXFileReference; fileEncoding = 4; lastKnownFileType = sourcecode.c.h; path = "NSMutableArray+QueueAndSerializationAdditions.h"; sourceTree = "<group>"; };
		1EB064EB1D368E02002CA239 /* NSMutableArray+QueueAndSerializationAdditions.m */ = {isa = PBXFileReference; fileEncoding = 4; lastKnownFileType = sourcecode.c.objc; path = "NSMutableArray+QueueAndSerializationAdditions.m"; sourceTree = "<group>"; };
		1EB064EC1D368E02002CA239 /* PBCommon.h */ = {isa = PBXFileReference; fileEncoding = 4; lastKnownFileType = sourcecode.c.h; path = PBCommon.h; sourceTree = "<group>"; };
		1EB064ED1D368E02002CA239 /* PBCommon.m */ = {isa = PBXFileReference; fileEncoding = 4; lastKnownFileType = sourcecode.c.objc; path = PBCommon.m; sourceTree = "<group>"; };
		1EB064EE1D368E02002CA239 /* PBConstants.h */ = {isa = PBXFileReference; fileEncoding = 4; lastKnownFileType = sourcecode.c.h; path = PBConstants.h; sourceTree = "<group>"; };
		1EB064EF1D368E02002CA239 /* pblib-Prefix.pch */ = {isa = PBXFileReference; fileEncoding = 4; lastKnownFileType = sourcecode.c.h; path = "pblib-Prefix.pch"; sourceTree = "<group>"; };
		1EB064F01D368E02002CA239 /* PBMacros.h */ = {isa = PBXFileReference; fileEncoding = 4; lastKnownFileType = sourcecode.c.h; path = PBMacros.h; sourceTree = "<group>"; };
		1EB064F11D368E02002CA239 /* PBRequestUnit.h */ = {isa = PBXFileReference; fileEncoding = 4; lastKnownFileType = sourcecode.c.h; path = PBRequestUnit.h; sourceTree = "<group>"; };
		1EB064F21D368E02002CA239 /* PBRequestUnit.m */ = {isa = PBXFileReference; fileEncoding = 4; lastKnownFileType = sourcecode.c.objc; lineEnding = 0; path = PBRequestUnit.m; sourceTree = "<group>"; xcLanguageSpecificationIdentifier = xcode.lang.objc; };
		1EB064F31D368E02002CA239 /* PBResponses.h */ = {isa = PBXFileReference; fileEncoding = 4; lastKnownFileType = sourcecode.c.h; path = PBResponses.h; sourceTree = "<group>"; };
		1EB064F41D368E02002CA239 /* PBResponses.m */ = {isa = PBXFileReference; fileEncoding = 4; lastKnownFileType = sourcecode.c.objc; path = PBResponses.m; sourceTree = "<group>"; };
		1EB064F51D368E02002CA239 /* PBSettings.h */ = {isa = PBXFileReference; fileEncoding = 4; lastKnownFileType = sourcecode.c.h; path = PBSettings.h; sourceTree = "<group>"; };
		1EB064F61D368E02002CA239 /* PBTypes.h */ = {isa = PBXFileReference; fileEncoding = 4; lastKnownFileType = sourcecode.c.h; path = PBTypes.h; sourceTree = "<group>"; };
		1EB064F71D368E02002CA239 /* PBUtils.h */ = {isa = PBXFileReference; fileEncoding = 4; lastKnownFileType = sourcecode.c.h; path = PBUtils.h; sourceTree = "<group>"; };
		1EB064F81D368E02002CA239 /* PBUtils.m */ = {isa = PBXFileReference; fileEncoding = 4; lastKnownFileType = sourcecode.c.objc; path = PBUtils.m; sourceTree = "<group>"; };
		1EB064F91D368E02002CA239 /* Playbasis.m */ = {isa = PBXFileReference; fileEncoding = 4; lastKnownFileType = sourcecode.c.objc; lineEnding = 0; path = Playbasis.m; sourceTree = "<group>"; xcLanguageSpecificationIdentifier = xcode.lang.objc; };
		1EB064FB1D368E02002CA239 /* PBStoryboard.storyboard */ = {isa = PBXFileReference; fileEncoding = 4; lastKnownFileType = file.storyboard; path = PBStoryboard.storyboard; sourceTree = "<group>"; };
		1EB064FC1D368E02002CA239 /* PBUI.h */ = {isa = PBXFileReference; fileEncoding = 4; lastKnownFileType = sourcecode.c.h; path = PBUI.h; sourceTree = "<group>"; };
		1EB064FD1D368E02002CA239 /* pbUserRegistrationFormViewController.h */ = {isa = PBXFileReference; fileEncoding = 4; lastKnownFileType = sourcecode.c.h; lineEnding = 0; path = pbUserRegistrationFormViewController.h; sourceTree = "<group>"; xcLanguageSpecificationIdentifier = xcode.lang.objcpp; };
		1EB064FE1D368E02002CA239 /* pbUserRegistrationFormViewController.m */ = {isa = PBXFileReference; fileEncoding = 4; lastKnownFileType = sourcecode.c.objc; path = pbUserRegistrationFormViewController.m; sourceTree = "<group>"; };
		1EB064FF1D368E02002CA239 /* UIImage+AutoLoader.h */ = {isa = PBXFileReference; fileEncoding = 4; lastKnownFileType = sourcecode.c.h; path = "UIImage+AutoLoader.h"; sourceTree = "<group>"; };
		1EB065001D368E02002CA239 /* UIImage+AutoLoader.m */ = {isa = PBXFileReference; fileEncoding = 4; lastKnownFileType = sourcecode.c.objc; path = "UIImage+AutoLoader.m"; sourceTree = "<group>"; };
		1EB065BA1D36B47C002CA239 /* PlaybasisMacOS.framework */ = {isa = PBXFileReference; explicitFileType = wrapper.framework; includeInIndex = 0; path = PlaybasisMacOS.framework; sourceTree = BUILT_PRODUCTS_DIR; };
		1EB065BC1D36B47C002CA239 /* PlaybasisMacOS.h */ = {isa = PBXFileReference; lastKnownFileType = sourcecode.c.h; path = PlaybasisMacOS.h; sourceTree = "<group>"; };
		1EB065BD1D36B47C002CA239 /* Info.plist */ = {isa = PBXFileReference; lastKnownFileType = text.plist.xml; path = Info.plist; sourceTree = "<group>"; };
		1EB065E71D3746D3002CA239 /* PlaybasisWrapper.framework */ = {isa = PBXFileReference; explicitFileType = wrapper.framework; includeInIndex = 0; path = PlaybasisWrapper.framework; sourceTree = BUILT_PRODUCTS_DIR; };
		1EB065E91D3746D3002CA239 /* PlaybasisWrapper.h */ = {isa = PBXFileReference; lastKnownFileType = sourcecode.c.h; path = PlaybasisWrapper.h; sourceTree = "<group>"; };
		1EB065EA1D3746D3002CA239 /* Info.plist */ = {isa = PBXFileReference; lastKnownFileType = text.plist.xml; path = Info.plist; sourceTree = "<group>"; };
		1EB065EF1D374779002CA239 /* PlaybasisResponsesWrapper.h */ = {isa = PBXFileReference; fileEncoding = 4; lastKnownFileType = sourcecode.c.h; path = PlaybasisResponsesWrapper.h; sourceTree = "<group>"; };
		1EB065F01D374779002CA239 /* PlaybasisWrapper.mm */ = {isa = PBXFileReference; fileEncoding = 4; lastKnownFileType = sourcecode.cpp.objcpp; path = PlaybasisWrapper.mm; sourceTree = "<group>"; };
		1EB065F11D374779002CA239 /* PlaybasisWrapperTester.mm */ = {isa = PBXFileReference; fileEncoding = 4; lastKnownFileType = sourcecode.cpp.objcpp; path = PlaybasisWrapperTester.mm; sourceTree = "<group>"; };
		1EB065F21D374779002CA239 /* Populator.h */ = {isa = PBXFileReference; fileEncoding = 4; lastKnownFileType = sourcecode.c.h; path = Populator.h; sourceTree = "<group>"; };
		1EB065F31D374779002CA239 /* Populator.mm */ = {isa = PBXFileReference; fileEncoding = 4; lastKnownFileType = sourcecode.cpp.objcpp; path = Populator.mm; sourceTree = "<group>"; };
		1EB065F41D374779002CA239 /* Util.h */ = {isa = PBXFileReference; fileEncoding = 4; lastKnownFileType = sourcecode.c.h; path = Util.h; sourceTree = "<group>"; };
		1EB0660B1D374E1B002CA239 /* PlaybasisMacOSWrapper.framework */ = {isa = PBXFileReference; explicitFileType = wrapper.framework; includeInIndex = 0; path = PlaybasisMacOSWrapper.framework; sourceTree = BUILT_PRODUCTS_DIR; };
		1EB0660D1D374E1B002CA239 /* PlaybasisMacOSWrapper.h */ = {isa = PBXFileReference; lastKnownFileType = sourcecode.c.h; path = PlaybasisMacOSWrapper.h; sourceTree = "<group>"; };
		1EB0660E1D374E1B002CA239 /* Info.plist */ = {isa = PBXFileReference; lastKnownFileType = text.plist.xml; path = Info.plist; sourceTree = "<group>"; };
		1EB066241D375020002CA239 /* PlaybasisMacOSWrapperBundle.bundle */ = {isa = PBXFileReference; explicitFileType = wrapper.cfbundle; includeInIndex = 0; path = PlaybasisMacOSWrapperBundle.bundle; sourceTree = BUILT_PRODUCTS_DIR; };
		1EB066261D375020002CA239 /* Info.plist */ = {isa = PBXFileReference; lastKnownFileType = text.plist.xml; path = Info.plist; sourceTree = "<group>"; };
		1EB0665D1D38A84F002CA239 /* PBAuth.h */ = {isa = PBXFileReference; fileEncoding = 4; lastKnownFileType = sourcecode.c.h; path = PBAuth.h; sourceTree = "<group>"; };
		1EB0665E1D38A84F002CA239 /* PBAuth.m */ = {isa = PBXFileReference; fileEncoding = 4; lastKnownFileType = sourcecode.c.objc; path = PBAuth.m; sourceTree = "<group>"; };
		1EB066721D38EC29002CA239 /* CustomDeviceInfoHttpHeaderFields.h */ = {isa = PBXFileReference; fileEncoding = 4; lastKnownFileType = sourcecode.c.h; path = CustomDeviceInfoHttpHeaderFields.h; sourceTree = "<group>"; };
		1EB066731D38EC29002CA239 /* CustomDeviceInfoHttpHeaderFields.m */ = {isa = PBXFileReference; fileEncoding = 4; lastKnownFileType = sourcecode.c.objc; path = CustomDeviceInfoHttpHeaderFields.m; sourceTree = "<group>"; };
		1EDA69D01AA13D1C00F8A13B /* CoreLocation.framework */ = {isa = PBXFileReference; lastKnownFileType = wrapper.framework; name = CoreLocation.framework; path = System/Library/Frameworks/CoreLocation.framework; sourceTree = SDKROOT; };
		1EDA69D51AA14F1000F8A13B /* CoreMotion.framework */ = {isa = PBXFileReference; lastKnownFileType = wrapper.framework; name = CoreMotion.framework; path = System/Library/Frameworks/CoreMotion.framework; sourceTree = SDKROOT; };
		2C1C74F817461E1B005F3B57 /* Foundation.framework */ = {isa = PBXFileReference; lastKnownFileType = wrapper.framework; name = Foundation.framework; path = System/Library/Frameworks/Foundation.framework; sourceTree = SDKROOT; };
		302643DB59903AF260199E94 /* Pods-PlaybasisMacOS.debug.xcconfig */ = {isa = PBXFileReference; includeInIndex = 1; lastKnownFileType = text.xcconfig; name = "Pods-PlaybasisMacOS.debug.xcconfig"; path = "Pods/Target Support Files/Pods-PlaybasisMacOS/Pods-PlaybasisMacOS.debug.xcconfig"; sourceTree = "<group>"; };
		4F71571528E3BB7B030879C5 /* Pods_Playbasis.framework */ = {isa = PBXFileReference; explicitFileType = wrapper.framework; includeInIndex = 0; path = Pods_Playbasis.framework; sourceTree = BUILT_PRODUCTS_DIR; };
		9EFCA4C34C08EAB0D48A7E6A /* Pods-Playbasis.release.xcconfig */ = {isa = PBXFileReference; includeInIndex = 1; lastKnownFileType = text.xcconfig; name = "Pods-Playbasis.release.xcconfig"; path = "Pods/Target Support Files/Pods-Playbasis/Pods-Playbasis.release.xcconfig"; sourceTree = "<group>"; };
		B48FE7F1C2A3BF65374418AD /* Pods_PlaybasisMacOS.framework */ = {isa = PBXFileReference; explicitFileType = wrapper.framework; includeInIndex = 0; path = Pods_PlaybasisMacOS.framework; sourceTree = BUILT_PRODUCTS_DIR; };
		F3FB26EFFE2406FE41F2B091 /* Pods-PlaybasisMacOS.release.xcconfig */ = {isa = PBXFileReference; includeInIndex = 1; lastKnownFileType = text.xcconfig; name = "Pods-PlaybasisMacOS.release.xcconfig"; path = "Pods/Target Support Files/Pods-PlaybasisMacOS/Pods-PlaybasisMacOS.release.xcconfig"; sourceTree = "<group>"; };
/* End PBXFileReference section */

/* Begin PBXFrameworksBuildPhase section */
		1E82EDBE1D391EF400775DA0 /* Frameworks */ = {
			isa = PBXFrameworksBuildPhase;
			buildActionMask = 2147483647;
			files = (
				1E82EDC61D391EF400775DA0 /* Playbasis.framework in Frameworks */,
				1E82EDD41D39232B00775DA0 /* OCMapper.framework in Frameworks */,
			);
			runOnlyForDeploymentPostprocessing = 0;
		};
		1EB064C71D368CB3002CA239 /* Frameworks */ = {
			isa = PBXFrameworksBuildPhase;
			buildActionMask = 2147483647;
			files = (
				534BFCF788C99904A6C87E24 /* Pods_Playbasis.framework in Frameworks */,
			);
			runOnlyForDeploymentPostprocessing = 0;
		};
		1EB065B61D36B47C002CA239 /* Frameworks */ = {
			isa = PBXFrameworksBuildPhase;
			buildActionMask = 2147483647;
			files = (
				2E6FAA764163EE44BDDC184A /* Pods_PlaybasisMacOS.framework in Frameworks */,
			);
			runOnlyForDeploymentPostprocessing = 0;
		};
		1EB065E31D3746D3002CA239 /* Frameworks */ = {
			isa = PBXFrameworksBuildPhase;
			buildActionMask = 2147483647;
			files = (
				1EB065FD1D3747BF002CA239 /* Playbasis.framework in Frameworks */,
			);
			runOnlyForDeploymentPostprocessing = 0;
		};
		1EB066071D374E1B002CA239 /* Frameworks */ = {
			isa = PBXFrameworksBuildPhase;
			buildActionMask = 2147483647;
			files = (
				1EB066151D374E2C002CA239 /* PlaybasisMacOS.framework in Frameworks */,
			);
			runOnlyForDeploymentPostprocessing = 0;
		};
		1EB066211D375020002CA239 /* Frameworks */ = {
			isa = PBXFrameworksBuildPhase;
			buildActionMask = 2147483647;
			files = (
				1EB0662E1D37503B002CA239 /* PlaybasisMacOS.framework in Frameworks */,
				1EB0662F1D37503B002CA239 /* PlaybasisMacOSWrapper.framework in Frameworks */,
			);
			runOnlyForDeploymentPostprocessing = 0;
		};
/* End PBXFrameworksBuildPhase section */

/* Begin PBXGroup section */
		1E82EDC21D391EF400775DA0 /* PlaybasisTestSuite */ = {
			isa = PBXGroup;
			children = (
				1E82EDC31D391EF400775DA0 /* PlaybasisTestSuite.m */,
				1E82EDC51D391EF400775DA0 /* Info.plist */,
				1E82EDCC1D39203A00775DA0 /* TestAuthAPI.m */,
			);
			path = PlaybasisTestSuite;
			sourceTree = "<group>";
		};
		1EB064CC1D368CB3002CA239 /* Playbasis */ = {
			isa = PBXGroup;
			children = (
				1EB066711D38EBF9002CA239 /* http */,
				1EB0665C1D38A82C002CA239 /* model */,
				1EB064D31D368E02002CA239 /* JSONKit.h */,
				1EB064D41D368E02002CA239 /* JSONKit.m */,
				1EB064D51D368E02002CA239 /* libs */,
				1EB064EA1D368E02002CA239 /* NSMutableArray+QueueAndSerializationAdditions.h */,
				1EB064EB1D368E02002CA239 /* NSMutableArray+QueueAndSerializationAdditions.m */,
				1EB064EC1D368E02002CA239 /* PBCommon.h */,
				1EB064ED1D368E02002CA239 /* PBCommon.m */,
				1EB064EE1D368E02002CA239 /* PBConstants.h */,
				1EB064EF1D368E02002CA239 /* pblib-Prefix.pch */,
				1EB064F01D368E02002CA239 /* PBMacros.h */,
				1EB064F11D368E02002CA239 /* PBRequestUnit.h */,
				1EB064F21D368E02002CA239 /* PBRequestUnit.m */,
				1EB064F31D368E02002CA239 /* PBResponses.h */,
				1EB064F41D368E02002CA239 /* PBResponses.m */,
				1EB064F51D368E02002CA239 /* PBSettings.h */,
				1EB064F61D368E02002CA239 /* PBTypes.h */,
				1EB064F71D368E02002CA239 /* PBUtils.h */,
				1EB064F81D368E02002CA239 /* PBUtils.m */,
				1EB064F91D368E02002CA239 /* Playbasis.m */,
				1EB064FA1D368E02002CA239 /* ui */,
				1EB064CD1D368CB3002CA239 /* Playbasis.h */,
				1EB064CE1D368CB3002CA239 /* Info.plist */,
			);
			path = Playbasis;
			sourceTree = "<group>";
		};
		1EB064D51D368E02002CA239 /* libs */ = {
			isa = PBXGroup;
			children = (
				1EB064D61D368E02002CA239 /* KLCPopup */,
				1EB064D91D368E02002CA239 /* MBProgressHUD */,
				1EB064DC1D368E02002CA239 /* Reachability */,
				1EB064DF1D368E02002CA239 /* RNCryptor */,
			);
			path = libs;
			sourceTree = "<group>";
		};
		1EB064D61D368E02002CA239 /* KLCPopup */ = {
			isa = PBXGroup;
			children = (
				1EB064D71D368E02002CA239 /* KLCPopup.h */,
				1EB064D81D368E02002CA239 /* KLCPopup.m */,
			);
			path = KLCPopup;
			sourceTree = "<group>";
		};
		1EB064D91D368E02002CA239 /* MBProgressHUD */ = {
			isa = PBXGroup;
			children = (
				1EB064DA1D368E02002CA239 /* MBProgressHUD.h */,
				1EB064DB1D368E02002CA239 /* MBProgressHUD.m */,
			);
			path = MBProgressHUD;
			sourceTree = "<group>";
		};
		1EB064DC1D368E02002CA239 /* Reachability */ = {
			isa = PBXGroup;
			children = (
				1EB064DD1D368E02002CA239 /* Reachability.h */,
				1EB064DE1D368E02002CA239 /* Reachability.m */,
			);
			path = Reachability;
			sourceTree = "<group>";
		};
		1EB064DF1D368E02002CA239 /* RNCryptor */ = {
			isa = PBXGroup;
			children = (
				1EB064E01D368E02002CA239 /* RNCryptor+Private.h */,
				1EB064E11D368E02002CA239 /* RNCryptor-Prefix.pch */,
				1EB064E21D368E02002CA239 /* RNCryptor.h */,
				1EB064E31D368E02002CA239 /* RNCryptor.m */,
				1EB064E41D368E02002CA239 /* RNCryptorEngine.h */,
				1EB064E51D368E02002CA239 /* RNCryptorEngine.m */,
				1EB064E61D368E02002CA239 /* RNDecryptor.h */,
				1EB064E71D368E02002CA239 /* RNDecryptor.m */,
				1EB064E81D368E02002CA239 /* RNEncryptor.h */,
				1EB064E91D368E02002CA239 /* RNEncryptor.m */,
			);
			path = RNCryptor;
			sourceTree = "<group>";
		};
		1EB064FA1D368E02002CA239 /* ui */ = {
			isa = PBXGroup;
			children = (
				1EB064FB1D368E02002CA239 /* PBStoryboard.storyboard */,
				1EB064FC1D368E02002CA239 /* PBUI.h */,
				1EB064FD1D368E02002CA239 /* pbUserRegistrationFormViewController.h */,
				1EB064FE1D368E02002CA239 /* pbUserRegistrationFormViewController.m */,
				1EB064FF1D368E02002CA239 /* UIImage+AutoLoader.h */,
				1EB065001D368E02002CA239 /* UIImage+AutoLoader.m */,
			);
			path = ui;
			sourceTree = "<group>";
		};
		1EB065BB1D36B47C002CA239 /* PlaybasisMacOS */ = {
			isa = PBXGroup;
			children = (
				1EB065BC1D36B47C002CA239 /* PlaybasisMacOS.h */,
				1EB065BD1D36B47C002CA239 /* Info.plist */,
			);
			path = PlaybasisMacOS;
			sourceTree = "<group>";
		};
		1EB065E81D3746D3002CA239 /* PlaybasisWrapper */ = {
			isa = PBXGroup;
			children = (
				1EB065EF1D374779002CA239 /* PlaybasisResponsesWrapper.h */,
				1EB065F01D374779002CA239 /* PlaybasisWrapper.mm */,
				1EB065F11D374779002CA239 /* PlaybasisWrapperTester.mm */,
				1EB065F21D374779002CA239 /* Populator.h */,
				1EB065F31D374779002CA239 /* Populator.mm */,
				1EB065F41D374779002CA239 /* Util.h */,
				1EB065E91D3746D3002CA239 /* PlaybasisWrapper.h */,
				1EB065EA1D3746D3002CA239 /* Info.plist */,
			);
			path = PlaybasisWrapper;
			sourceTree = "<group>";
		};
		1EB0660C1D374E1B002CA239 /* PlaybasisMacOSWrapper */ = {
			isa = PBXGroup;
			children = (
				1EB0660D1D374E1B002CA239 /* PlaybasisMacOSWrapper.h */,
				1EB0660E1D374E1B002CA239 /* Info.plist */,
			);
			path = PlaybasisMacOSWrapper;
			sourceTree = "<group>";
		};
		1EB066251D375020002CA239 /* PlaybasisMacOSWrapperBundle */ = {
			isa = PBXGroup;
			children = (
				1EB066261D375020002CA239 /* Info.plist */,
			);
			path = PlaybasisMacOSWrapperBundle;
			sourceTree = "<group>";
		};
		1EB0665C1D38A82C002CA239 /* model */ = {
			isa = PBXGroup;
			children = (
				1EB0665D1D38A84F002CA239 /* PBAuth.h */,
				1EB0665E1D38A84F002CA239 /* PBAuth.m */,
			);
			path = model;
			sourceTree = "<group>";
		};
		1EB066711D38EBF9002CA239 /* http */ = {
			isa = PBXGroup;
			children = (
				1EB066721D38EC29002CA239 /* CustomDeviceInfoHttpHeaderFields.h */,
				1EB066731D38EC29002CA239 /* CustomDeviceInfoHttpHeaderFields.m */,
			);
			path = http;
			sourceTree = "<group>";
		};
		2C1C74EC17461E1B005F3B57 = {
			isa = PBXGroup;
			children = (
				1EB064CC1D368CB3002CA239 /* Playbasis */,
				1EB065BB1D36B47C002CA239 /* PlaybasisMacOS */,
				1EB065E81D3746D3002CA239 /* PlaybasisWrapper */,
				1EB0660C1D374E1B002CA239 /* PlaybasisMacOSWrapper */,
				1EB066251D375020002CA239 /* PlaybasisMacOSWrapperBundle */,
				1E82EDC21D391EF400775DA0 /* PlaybasisTestSuite */,
				2C1C74F717461E1B005F3B57 /* Frameworks */,
				2C1C74F617461E1B005F3B57 /* Products */,
				9408AA53EF4E359B4E94BE9B /* Pods */,
			);
			sourceTree = "<group>";
		};
		2C1C74F617461E1B005F3B57 /* Products */ = {
			isa = PBXGroup;
			children = (
				1EB064CB1D368CB3002CA239 /* Playbasis.framework */,
				1EB065BA1D36B47C002CA239 /* PlaybasisMacOS.framework */,
				1EB065E71D3746D3002CA239 /* PlaybasisWrapper.framework */,
				1EB0660B1D374E1B002CA239 /* PlaybasisMacOSWrapper.framework */,
				1EB066241D375020002CA239 /* PlaybasisMacOSWrapperBundle.bundle */,
				1E82EDC11D391EF400775DA0 /* PlaybasisTestSuite.xctest */,
			);
			name = Products;
			sourceTree = "<group>";
		};
		2C1C74F717461E1B005F3B57 /* Frameworks */ = {
			isa = PBXGroup;
			children = (
				1E82EDD11D3922FB00775DA0 /* OCMapper.framework */,
				1EDA69D51AA14F1000F8A13B /* CoreMotion.framework */,
				1EDA69D01AA13D1C00F8A13B /* CoreLocation.framework */,
				1E304A431A90BC8F006F0C7F /* MobileCoreServices.framework */,
				1E304A411A90BC83006F0C7F /* Security.framework */,
				1EA3AE171A717A3C008F17F3 /* SystemConfiguration.framework */,
				2C1C74F817461E1B005F3B57 /* Foundation.framework */,
				4F71571528E3BB7B030879C5 /* Pods_Playbasis.framework */,
				B48FE7F1C2A3BF65374418AD /* Pods_PlaybasisMacOS.framework */,
			);
			name = Frameworks;
			sourceTree = "<group>";
		};
		9408AA53EF4E359B4E94BE9B /* Pods */ = {
			isa = PBXGroup;
			children = (
				1675267138D27A92EDF476EE /* Pods-Playbasis.debug.xcconfig */,
				9EFCA4C34C08EAB0D48A7E6A /* Pods-Playbasis.release.xcconfig */,
				302643DB59903AF260199E94 /* Pods-PlaybasisMacOS.debug.xcconfig */,
				F3FB26EFFE2406FE41F2B091 /* Pods-PlaybasisMacOS.release.xcconfig */,
			);
			name = Pods;
			sourceTree = "<group>";
		};
/* End PBXGroup section */

/* Begin PBXHeadersBuildPhase section */
		1EB064C81D368CB3002CA239 /* Headers */ = {
			isa = PBXHeadersBuildPhase;
			buildActionMask = 2147483647;
			files = (
				1EB0651A1D368E02002CA239 /* PBRequestUnit.h in Headers */,
				1EB0651C1D368E02002CA239 /* PBResponses.h in Headers */,
				1EB0651F1D368E02002CA239 /* PBTypes.h in Headers */,
				1EB065151D368E02002CA239 /* PBCommon.h in Headers */,
				1EB065191D368E02002CA239 /* PBMacros.h in Headers */,
				1EB065251D368E02002CA239 /* pbUserRegistrationFormViewController.h in Headers */,
				1EB0650D1D368E02002CA239 /* RNCryptorEngine.h in Headers */,
				1EB066741D38EC29002CA239 /* CustomDeviceInfoHttpHeaderFields.h in Headers */,
				1EB0650A1D368E02002CA239 /* RNCryptor-Prefix.pch in Headers */,
				1EB065271D368E02002CA239 /* UIImage+AutoLoader.h in Headers */,
				1EB065011D368E02002CA239 /* JSONKit.h in Headers */,
				1EB065091D368E02002CA239 /* RNCryptor+Private.h in Headers */,
				1EB0650B1D368E02002CA239 /* RNCryptor.h in Headers */,
				1EB065051D368E02002CA239 /* MBProgressHUD.h in Headers */,
				1EB065111D368E02002CA239 /* RNEncryptor.h in Headers */,
				1EB065181D368E02002CA239 /* pblib-Prefix.pch in Headers */,
				1EB065031D368E02002CA239 /* KLCPopup.h in Headers */,
				1EB065071D368E02002CA239 /* Reachability.h in Headers */,
				1EB0650F1D368E02002CA239 /* RNDecryptor.h in Headers */,
				1EB065131D368E02002CA239 /* NSMutableArray+QueueAndSerializationAdditions.h in Headers */,
				1EB0651E1D368E02002CA239 /* PBSettings.h in Headers */,
				1EB065241D368E02002CA239 /* PBUI.h in Headers */,
				1EB065171D368E02002CA239 /* PBConstants.h in Headers */,
				1EB065201D368E02002CA239 /* PBUtils.h in Headers */,
				1EB0665F1D38A84F002CA239 /* PBAuth.h in Headers */,
				1EB064CF1D368CB3002CA239 /* Playbasis.h in Headers */,
			);
			runOnlyForDeploymentPostprocessing = 0;
		};
		1EB065B71D36B47C002CA239 /* Headers */ = {
			isa = PBXHeadersBuildPhase;
			buildActionMask = 2147483647;
			files = (
				1EB065BE1D36B47C002CA239 /* PlaybasisMacOS.h in Headers */,
				1EB065C21D36B509002CA239 /* JSONKit.h in Headers */,
				1EB065C31D36B509002CA239 /* Reachability.h in Headers */,
				1EB065C41D36B509002CA239 /* RNCryptor+Private.h in Headers */,
				1EB066601D38A84F002CA239 /* PBAuth.h in Headers */,
				1EB065C51D36B509002CA239 /* RNCryptor-Prefix.pch in Headers */,
				1EB065C61D36B509002CA239 /* RNCryptor.h in Headers */,
				1EB065C71D36B509002CA239 /* RNCryptorEngine.h in Headers */,
				1EB065C81D36B509002CA239 /* RNDecryptor.h in Headers */,
				1EB065C91D36B509002CA239 /* RNEncryptor.h in Headers */,
				1EB065CA1D36B509002CA239 /* NSMutableArray+QueueAndSerializationAdditions.h in Headers */,
				1EB066751D38EC29002CA239 /* CustomDeviceInfoHttpHeaderFields.h in Headers */,
				1EB065CB1D36B509002CA239 /* PBCommon.h in Headers */,
				1EB065CC1D36B509002CA239 /* PBConstants.h in Headers */,
				1EB065CD1D36B509002CA239 /* PBMacros.h in Headers */,
				1EB065CE1D36B509002CA239 /* PBRequestUnit.h in Headers */,
				1EB065CF1D36B509002CA239 /* PBResponses.h in Headers */,
				1EB065D01D36B50A002CA239 /* PBSettings.h in Headers */,
				1EB065D11D36B50A002CA239 /* PBTypes.h in Headers */,
				1EB065D21D36B50A002CA239 /* PBUtils.h in Headers */,
			);
			runOnlyForDeploymentPostprocessing = 0;
		};
		1EB065E41D3746D3002CA239 /* Headers */ = {
			isa = PBXHeadersBuildPhase;
			buildActionMask = 2147483647;
			files = (
				1EB065F81D374779002CA239 /* Populator.h in Headers */,
				1EB065F51D374779002CA239 /* PlaybasisResponsesWrapper.h in Headers */,
				1EB065FA1D374779002CA239 /* Util.h in Headers */,
				1EB065EB1D3746D3002CA239 /* PlaybasisWrapper.h in Headers */,
			);
			runOnlyForDeploymentPostprocessing = 0;
		};
		1EB066081D374E1B002CA239 /* Headers */ = {
			isa = PBXHeadersBuildPhase;
			buildActionMask = 2147483647;
			files = (
				1EB0660F1D374E1B002CA239 /* PlaybasisMacOSWrapper.h in Headers */,
				1EB066191D374E69002CA239 /* PlaybasisResponsesWrapper.h in Headers */,
				1EB0661B1D374E69002CA239 /* Util.h in Headers */,
				1EB0661A1D374E69002CA239 /* Populator.h in Headers */,
			);
			runOnlyForDeploymentPostprocessing = 0;
		};
/* End PBXHeadersBuildPhase section */

/* Begin PBXNativeTarget section */
		1E82EDC01D391EF400775DA0 /* PlaybasisTestSuite */ = {
			isa = PBXNativeTarget;
			buildConfigurationList = 1E82EDCB1D391EF400775DA0 /* Build configuration list for PBXNativeTarget "PlaybasisTestSuite" */;
			buildPhases = (
				1E82EDBD1D391EF400775DA0 /* Sources */,
				1E82EDBE1D391EF400775DA0 /* Frameworks */,
				1E82EDBF1D391EF400775DA0 /* Resources */,
				1E82EDCE1D39225900775DA0 /* CopyFiles */,
			);
			buildRules = (
			);
			dependencies = (
				1E82EDC81D391EF400775DA0 /* PBXTargetDependency */,
			);
			name = PlaybasisTestSuite;
			productName = PlaybasisTestSuite;
			productReference = 1E82EDC11D391EF400775DA0 /* PlaybasisTestSuite.xctest */;
			productType = "com.apple.product-type.bundle.unit-test";
		};
		1EB064CA1D368CB3002CA239 /* Playbasis */ = {
			isa = PBXNativeTarget;
			buildConfigurationList = 1EB064D01D368CB3002CA239 /* Build configuration list for PBXNativeTarget "Playbasis" */;
			buildPhases = (
				4941B8B9814FE2FC541C2F7A /* [CP] Check Pods Manifest.lock */,
				1EB064C61D368CB3002CA239 /* Sources */,
				1EB064C71D368CB3002CA239 /* Frameworks */,
				1EB064C81D368CB3002CA239 /* Headers */,
				1EB064C91D368CB3002CA239 /* Resources */,
				8C8D72B55A384E7EDC34050B /* [CP] Copy Pods Resources */,
			);
			buildRules = (
			);
			dependencies = (
			);
			name = Playbasis;
			productName = Playbasis;
			productReference = 1EB064CB1D368CB3002CA239 /* Playbasis.framework */;
			productType = "com.apple.product-type.framework";
		};
		1EB065B91D36B47C002CA239 /* PlaybasisMacOS */ = {
			isa = PBXNativeTarget;
			buildConfigurationList = 1EB065BF1D36B47C002CA239 /* Build configuration list for PBXNativeTarget "PlaybasisMacOS" */;
			buildPhases = (
				C3A5DBC6FFD086EA2FF3FBED /* [CP] Check Pods Manifest.lock */,
				1EB065B51D36B47C002CA239 /* Sources */,
				1EB065B61D36B47C002CA239 /* Frameworks */,
				1EB065B71D36B47C002CA239 /* Headers */,
				1EB065B81D36B47C002CA239 /* Resources */,
				C077FA1C259DEF6FE550CBAA /* [CP] Copy Pods Resources */,
			);
			buildRules = (
			);
			dependencies = (
			);
			name = PlaybasisMacOS;
			productName = PlaybasisMacOS;
			productReference = 1EB065BA1D36B47C002CA239 /* PlaybasisMacOS.framework */;
			productType = "com.apple.product-type.framework";
		};
		1EB065E61D3746D3002CA239 /* PlaybasisWrapper */ = {
			isa = PBXNativeTarget;
			buildConfigurationList = 1EB065EE1D3746D3002CA239 /* Build configuration list for PBXNativeTarget "PlaybasisWrapper" */;
			buildPhases = (
				1EB065E21D3746D3002CA239 /* Sources */,
				1EB065E31D3746D3002CA239 /* Frameworks */,
				1EB065E41D3746D3002CA239 /* Headers */,
				1EB065E51D3746D3002CA239 /* Resources */,
			);
			buildRules = (
			);
			dependencies = (
				1EB065FC1D3747AC002CA239 /* PBXTargetDependency */,
			);
			name = PlaybasisWrapper;
			productName = PlaybasisWrapper;
			productReference = 1EB065E71D3746D3002CA239 /* PlaybasisWrapper.framework */;
			productType = "com.apple.product-type.framework";
		};
		1EB0660A1D374E1B002CA239 /* PlaybasisMacOSWrapper */ = {
			isa = PBXNativeTarget;
			buildConfigurationList = 1EB066101D374E1B002CA239 /* Build configuration list for PBXNativeTarget "PlaybasisMacOSWrapper" */;
			buildPhases = (
				1EB066061D374E1B002CA239 /* Sources */,
				1EB066071D374E1B002CA239 /* Frameworks */,
				1EB066081D374E1B002CA239 /* Headers */,
				1EB066091D374E1B002CA239 /* Resources */,
			);
			buildRules = (
			);
			dependencies = (
				1EB066141D374E24002CA239 /* PBXTargetDependency */,
			);
			name = PlaybasisMacOSWrapper;
			productName = PlaybasisMacOSWrapper;
			productReference = 1EB0660B1D374E1B002CA239 /* PlaybasisMacOSWrapper.framework */;
			productType = "com.apple.product-type.framework";
		};
		1EB066231D375020002CA239 /* PlaybasisMacOSWrapperBundle */ = {
			isa = PBXNativeTarget;
			buildConfigurationList = 1EB066271D375020002CA239 /* Build configuration list for PBXNativeTarget "PlaybasisMacOSWrapperBundle" */;
			buildPhases = (
				1EB066201D375020002CA239 /* Sources */,
				1EB066211D375020002CA239 /* Frameworks */,
				1EB066221D375020002CA239 /* Resources */,
				1EB066301D37504E002CA239 /* CopyFiles */,
			);
			buildRules = (
			);
			dependencies = (
				1EB0662B1D37502D002CA239 /* PBXTargetDependency */,
				1EB0662D1D37502D002CA239 /* PBXTargetDependency */,
			);
			name = PlaybasisMacOSWrapperBundle;
			productName = PlaybasisMacOSWrapperBundle;
			productReference = 1EB066241D375020002CA239 /* PlaybasisMacOSWrapperBundle.bundle */;
			productType = "com.apple.product-type.bundle";
		};
/* End PBXNativeTarget section */

/* Begin PBXProject section */
		2C1C74ED17461E1B005F3B57 /* Project object */ = {
			isa = PBXProject;
			attributes = {
				LastUpgradeCheck = 0710;
				ORGANIZATIONNAME = "";
				TargetAttributes = {
					1E82EDC01D391EF400775DA0 = {
						CreatedOnToolsVersion = 8.0;
						DevelopmentTeam = XGKHW634KL;
						DevelopmentTeamName = "Wasin Thonkaew";
						ProvisioningStyle = Automatic;
					};
					1EB064CA1D368CB3002CA239 = {
						CreatedOnToolsVersion = 8.0;
						DevelopmentTeam = XGKHW634KL;
						DevelopmentTeamName = "Wasin Thonkaew";
						ProvisioningStyle = Automatic;
					};
					1EB065B91D36B47C002CA239 = {
						CreatedOnToolsVersion = 8.0;
						DevelopmentTeam = XGKHW634KL;
						DevelopmentTeamName = "Wasin Thonkaew";
						ProvisioningStyle = Automatic;
					};
					1EB065E61D3746D3002CA239 = {
						CreatedOnToolsVersion = 8.0;
						DevelopmentTeam = XGKHW634KL;
						DevelopmentTeamName = "Wasin Thonkaew";
						ProvisioningStyle = Automatic;
					};
					1EB0660A1D374E1B002CA239 = {
						CreatedOnToolsVersion = 8.0;
						DevelopmentTeam = XGKHW634KL;
						DevelopmentTeamName = "Wasin Thonkaew";
						ProvisioningStyle = Automatic;
					};
					1EB066231D375020002CA239 = {
						CreatedOnToolsVersion = 8.0;
						DevelopmentTeam = XGKHW634KL;
						DevelopmentTeamName = "Wasin Thonkaew";
						ProvisioningStyle = Automatic;
					};
				};
			};
			buildConfigurationList = 2C1C74F017461E1B005F3B57 /* Build configuration list for PBXProject "pblib" */;
			compatibilityVersion = "Xcode 3.2";
			developmentRegion = English;
			hasScannedForEncodings = 0;
			knownRegions = (
				en,
			);
			mainGroup = 2C1C74EC17461E1B005F3B57;
			productRefGroup = 2C1C74F617461E1B005F3B57 /* Products */;
			projectDirPath = "";
			projectRoot = "";
			targets = (
				1EB064CA1D368CB3002CA239 /* Playbasis */,
				1EB065B91D36B47C002CA239 /* PlaybasisMacOS */,
				1EB065E61D3746D3002CA239 /* PlaybasisWrapper */,
				1EB0660A1D374E1B002CA239 /* PlaybasisMacOSWrapper */,
				1EB066231D375020002CA239 /* PlaybasisMacOSWrapperBundle */,
				1E82EDC01D391EF400775DA0 /* PlaybasisTestSuite */,
			);
		};
/* End PBXProject section */

/* Begin PBXResourcesBuildPhase section */
		1E82EDBF1D391EF400775DA0 /* Resources */ = {
			isa = PBXResourcesBuildPhase;
			buildActionMask = 2147483647;
			files = (
			);
			runOnlyForDeploymentPostprocessing = 0;
		};
		1EB064C91D368CB3002CA239 /* Resources */ = {
			isa = PBXResourcesBuildPhase;
			buildActionMask = 2147483647;
			files = (
				1EB065231D368E02002CA239 /* PBStoryboard.storyboard in Resources */,
			);
			runOnlyForDeploymentPostprocessing = 0;
		};
		1EB065B81D36B47C002CA239 /* Resources */ = {
			isa = PBXResourcesBuildPhase;
			buildActionMask = 2147483647;
			files = (
			);
			runOnlyForDeploymentPostprocessing = 0;
		};
		1EB065E51D3746D3002CA239 /* Resources */ = {
			isa = PBXResourcesBuildPhase;
			buildActionMask = 2147483647;
			files = (
			);
			runOnlyForDeploymentPostprocessing = 0;
		};
		1EB066091D374E1B002CA239 /* Resources */ = {
			isa = PBXResourcesBuildPhase;
			buildActionMask = 2147483647;
			files = (
			);
			runOnlyForDeploymentPostprocessing = 0;
		};
		1EB066221D375020002CA239 /* Resources */ = {
			isa = PBXResourcesBuildPhase;
			buildActionMask = 2147483647;
			files = (
			);
			runOnlyForDeploymentPostprocessing = 0;
		};
/* End PBXResourcesBuildPhase section */

/* Begin PBXShellScriptBuildPhase section */
		4941B8B9814FE2FC541C2F7A /* [CP] Check Pods Manifest.lock */ = {
			isa = PBXShellScriptBuildPhase;
			buildActionMask = 2147483647;
			files = (
			);
			inputPaths = (
			);
			name = "[CP] Check Pods Manifest.lock";
			outputPaths = (
			);
			runOnlyForDeploymentPostprocessing = 0;
			shellPath = /bin/sh;
			shellScript = "diff \"${PODS_ROOT}/../Podfile.lock\" \"${PODS_ROOT}/Manifest.lock\" > /dev/null\nif [[ $? != 0 ]] ; then\n    cat << EOM\nerror: The sandbox is not in sync with the Podfile.lock. Run 'pod install' or update your CocoaPods installation.\nEOM\n    exit 1\nfi\n";
			showEnvVarsInLog = 0;
		};
		8C8D72B55A384E7EDC34050B /* [CP] Copy Pods Resources */ = {
			isa = PBXShellScriptBuildPhase;
			buildActionMask = 2147483647;
			files = (
			);
			inputPaths = (
			);
			name = "[CP] Copy Pods Resources";
			outputPaths = (
			);
			runOnlyForDeploymentPostprocessing = 0;
			shellPath = /bin/sh;
			shellScript = "\"${SRCROOT}/Pods/Target Support Files/Pods-Playbasis/Pods-Playbasis-resources.sh\"\n";
			showEnvVarsInLog = 0;
		};
		C077FA1C259DEF6FE550CBAA /* [CP] Copy Pods Resources */ = {
			isa = PBXShellScriptBuildPhase;
			buildActionMask = 2147483647;
			files = (
			);
			inputPaths = (
			);
			name = "[CP] Copy Pods Resources";
			outputPaths = (
			);
			runOnlyForDeploymentPostprocessing = 0;
			shellPath = /bin/sh;
			shellScript = "\"${SRCROOT}/Pods/Target Support Files/Pods-PlaybasisMacOS/Pods-PlaybasisMacOS-resources.sh\"\n";
			showEnvVarsInLog = 0;
		};
		C3A5DBC6FFD086EA2FF3FBED /* [CP] Check Pods Manifest.lock */ = {
			isa = PBXShellScriptBuildPhase;
			buildActionMask = 2147483647;
			files = (
			);
			inputPaths = (
			);
			name = "[CP] Check Pods Manifest.lock";
			outputPaths = (
			);
			runOnlyForDeploymentPostprocessing = 0;
			shellPath = /bin/sh;
			shellScript = "diff \"${PODS_ROOT}/../Podfile.lock\" \"${PODS_ROOT}/Manifest.lock\" > /dev/null\nif [[ $? != 0 ]] ; then\n    cat << EOM\nerror: The sandbox is not in sync with the Podfile.lock. Run 'pod install' or update your CocoaPods installation.\nEOM\n    exit 1\nfi\n";
			showEnvVarsInLog = 0;
		};
/* End PBXShellScriptBuildPhase section */

/* Begin PBXSourcesBuildPhase section */
		1E82EDBD1D391EF400775DA0 /* Sources */ = {
			isa = PBXSourcesBuildPhase;
			buildActionMask = 2147483647;
			files = (
				1E82EDCD1D39203A00775DA0 /* TestAuthAPI.m in Sources */,
				1E82EDC41D391EF400775DA0 /* PlaybasisTestSuite.m in Sources */,
			);
			runOnlyForDeploymentPostprocessing = 0;
		};
		1EB064C61D368CB3002CA239 /* Sources */ = {
			isa = PBXSourcesBuildPhase;
			buildActionMask = 2147483647;
			files = (
				1EB065221D368E02002CA239 /* Playbasis.m in Sources */,
				1EB065021D368E02002CA239 /* JSONKit.m in Sources */,
				1EB065101D368E02002CA239 /* RNDecryptor.m in Sources */,
				1EB065061D368E02002CA239 /* MBProgressHUD.m in Sources */,
				1EB065081D368E02002CA239 /* Reachability.m in Sources */,
				1EB0651D1D368E02002CA239 /* PBResponses.m in Sources */,
				1EB065211D368E02002CA239 /* PBUtils.m in Sources */,
				1EB066611D38A84F002CA239 /* PBAuth.m in Sources */,
				1EB066761D38EC29002CA239 /* CustomDeviceInfoHttpHeaderFields.m in Sources */,
				1EB0651B1D368E02002CA239 /* PBRequestUnit.m in Sources */,
				1EB065261D368E02002CA239 /* pbUserRegistrationFormViewController.m in Sources */,
				1EB065161D368E02002CA239 /* PBCommon.m in Sources */,
				1EB0650E1D368E02002CA239 /* RNCryptorEngine.m in Sources */,
				1EB065281D368E02002CA239 /* UIImage+AutoLoader.m in Sources */,
				1EB065141D368E02002CA239 /* NSMutableArray+QueueAndSerializationAdditions.m in Sources */,
				1EB065041D368E02002CA239 /* KLCPopup.m in Sources */,
				1EB065121D368E02002CA239 /* RNEncryptor.m in Sources */,
				1EB0650C1D368E02002CA239 /* RNCryptor.m in Sources */,
			);
			runOnlyForDeploymentPostprocessing = 0;
		};
		1EB065B51D36B47C002CA239 /* Sources */ = {
			isa = PBXSourcesBuildPhase;
			buildActionMask = 2147483647;
			files = (
				1EB066621D38A84F002CA239 /* PBAuth.m in Sources */,
				1EB065D31D36B542002CA239 /* JSONKit.m in Sources */,
				1EB065D41D36B542002CA239 /* Reachability.m in Sources */,
				1EB065D51D36B542002CA239 /* RNCryptor.m in Sources */,
				1EB065D61D36B542002CA239 /* RNCryptorEngine.m in Sources */,
				1EB065D71D36B542002CA239 /* RNDecryptor.m in Sources */,
				1EB065D81D36B542002CA239 /* RNEncryptor.m in Sources */,
				1EB065D91D36B542002CA239 /* NSMutableArray+QueueAndSerializationAdditions.m in Sources */,
				1EB065DA1D36B542002CA239 /* PBCommon.m in Sources */,
				1EB065DB1D36B542002CA239 /* PBRequestUnit.m in Sources */,
				1EB065DC1D36B542002CA239 /* PBResponses.m in Sources */,
				1EB065DD1D36B542002CA239 /* PBUtils.m in Sources */,
				1EB066771D38EC29002CA239 /* CustomDeviceInfoHttpHeaderFields.m in Sources */,
				1EB065DE1D36B542002CA239 /* Playbasis.m in Sources */,
			);
			runOnlyForDeploymentPostprocessing = 0;
		};
		1EB065E21D3746D3002CA239 /* Sources */ = {
			isa = PBXSourcesBuildPhase;
			buildActionMask = 2147483647;
			files = (
				1EB065F61D374779002CA239 /* PlaybasisWrapper.mm in Sources */,
				1EB065F71D374779002CA239 /* PlaybasisWrapperTester.mm in Sources */,
				1EB065F91D374779002CA239 /* Populator.mm in Sources */,
			);
			runOnlyForDeploymentPostprocessing = 0;
		};
		1EB066061D374E1B002CA239 /* Sources */ = {
			isa = PBXSourcesBuildPhase;
			buildActionMask = 2147483647;
			files = (
				1EB066161D374E49002CA239 /* PlaybasisWrapper.mm in Sources */,
				1EB066171D374E49002CA239 /* PlaybasisWrapperTester.mm in Sources */,
				1EB066181D374E49002CA239 /* Populator.mm in Sources */,
			);
			runOnlyForDeploymentPostprocessing = 0;
		};
		1EB066201D375020002CA239 /* Sources */ = {
			isa = PBXSourcesBuildPhase;
			buildActionMask = 2147483647;
			files = (
			);
			runOnlyForDeploymentPostprocessing = 0;
		};
/* End PBXSourcesBuildPhase section */

/* Begin PBXTargetDependency section */
		1E82EDC81D391EF400775DA0 /* PBXTargetDependency */ = {
			isa = PBXTargetDependency;
			target = 1EB064CA1D368CB3002CA239 /* Playbasis */;
			targetProxy = 1E82EDC71D391EF400775DA0 /* PBXContainerItemProxy */;
		};
		1EB065FC1D3747AC002CA239 /* PBXTargetDependency */ = {
			isa = PBXTargetDependency;
			target = 1EB064CA1D368CB3002CA239 /* Playbasis */;
			targetProxy = 1EB065FB1D3747AC002CA239 /* PBXContainerItemProxy */;
		};
		1EB066141D374E24002CA239 /* PBXTargetDependency */ = {
			isa = PBXTargetDependency;
			target = 1EB065B91D36B47C002CA239 /* PlaybasisMacOS */;
			targetProxy = 1EB066131D374E24002CA239 /* PBXContainerItemProxy */;
		};
		1EB0662B1D37502D002CA239 /* PBXTargetDependency */ = {
			isa = PBXTargetDependency;
			target = 1EB065E61D3746D3002CA239 /* PlaybasisWrapper */;
			targetProxy = 1EB0662A1D37502D002CA239 /* PBXContainerItemProxy */;
		};
		1EB0662D1D37502D002CA239 /* PBXTargetDependency */ = {
			isa = PBXTargetDependency;
			target = 1EB0660A1D374E1B002CA239 /* PlaybasisMacOSWrapper */;
			targetProxy = 1EB0662C1D37502D002CA239 /* PBXContainerItemProxy */;
		};
/* End PBXTargetDependency section */

/* Begin XCBuildConfiguration section */
		1E82EDC91D391EF400775DA0 /* Debug */ = {
			isa = XCBuildConfiguration;
			buildSettings = {
				CLANG_ANALYZER_NONNULL = YES;
				CLANG_ENABLE_MODULES = YES;
				CLANG_ENABLE_OBJC_ARC = YES;
				CLANG_WARN_BOOL_CONVERSION = YES;
				CLANG_WARN_DIRECT_OBJC_ISA_USAGE = YES_ERROR;
				CLANG_WARN_DOCUMENTATION_COMMENTS = YES;
				CLANG_WARN_OBJC_ROOT_CLASS = YES_ERROR;
				CLANG_WARN_UNREACHABLE_CODE = YES;
				"CODE_SIGN_IDENTITY[sdk=iphoneos*]" = "iPhone Developer";
				DEBUG_INFORMATION_FORMAT = dwarf;
				ENABLE_STRICT_OBJC_MSGSEND = YES;
				GCC_NO_COMMON_BLOCKS = YES;
				GCC_WARN_64_TO_32_BIT_CONVERSION = YES;
				GCC_WARN_ABOUT_RETURN_TYPE = YES_ERROR;
				GCC_WARN_UNDECLARED_SELECTOR = YES;
				GCC_WARN_UNINITIALIZED_AUTOS = YES_AGGRESSIVE;
				GCC_WARN_UNUSED_FUNCTION = YES;
				INFOPLIST_FILE = PlaybasisTestSuite/Info.plist;
				IPHONEOS_DEPLOYMENT_TARGET = 10.0;
				LD_RUNPATH_SEARCH_PATHS = "$(inherited) @executable_path/Frameworks @loader_path/Frameworks";
				MTL_ENABLE_DEBUG_INFO = YES;
				PRODUCT_BUNDLE_IDENTIFIER = io.wasin.ios.playbasissdk.PlaybasisTestSuite;
				PRODUCT_NAME = "$(TARGET_NAME)";
			};
			name = Debug;
		};
		1E82EDCA1D391EF400775DA0 /* Release */ = {
			isa = XCBuildConfiguration;
			buildSettings = {
				CLANG_ANALYZER_NONNULL = YES;
				CLANG_ENABLE_MODULES = YES;
				CLANG_ENABLE_OBJC_ARC = YES;
				CLANG_WARN_BOOL_CONVERSION = YES;
				CLANG_WARN_DIRECT_OBJC_ISA_USAGE = YES_ERROR;
				CLANG_WARN_DOCUMENTATION_COMMENTS = YES;
				CLANG_WARN_OBJC_ROOT_CLASS = YES_ERROR;
				CLANG_WARN_UNREACHABLE_CODE = YES;
				"CODE_SIGN_IDENTITY[sdk=iphoneos*]" = "iPhone Developer";
				COPY_PHASE_STRIP = NO;
				DEBUG_INFORMATION_FORMAT = "dwarf-with-dsym";
				ENABLE_NS_ASSERTIONS = NO;
				ENABLE_STRICT_OBJC_MSGSEND = YES;
				GCC_NO_COMMON_BLOCKS = YES;
				GCC_WARN_64_TO_32_BIT_CONVERSION = YES;
				GCC_WARN_ABOUT_RETURN_TYPE = YES_ERROR;
				GCC_WARN_UNDECLARED_SELECTOR = YES;
				GCC_WARN_UNINITIALIZED_AUTOS = YES_AGGRESSIVE;
				GCC_WARN_UNUSED_FUNCTION = YES;
				INFOPLIST_FILE = PlaybasisTestSuite/Info.plist;
				IPHONEOS_DEPLOYMENT_TARGET = 10.0;
				LD_RUNPATH_SEARCH_PATHS = "$(inherited) @executable_path/Frameworks @loader_path/Frameworks";
				MTL_ENABLE_DEBUG_INFO = NO;
				PRODUCT_BUNDLE_IDENTIFIER = io.wasin.ios.playbasissdk.PlaybasisTestSuite;
				PRODUCT_NAME = "$(TARGET_NAME)";
			};
			name = Release;
		};
		1EB064D11D368CB3002CA239 /* Debug */ = {
			isa = XCBuildConfiguration;
			baseConfigurationReference = 1675267138D27A92EDF476EE /* Pods-Playbasis.debug.xcconfig */;
			buildSettings = {
				CLANG_ANALYZER_NONNULL = YES;
				CLANG_ENABLE_MODULES = YES;
				CLANG_ENABLE_OBJC_ARC = YES;
				CLANG_WARN_BOOL_CONVERSION = YES;
				CLANG_WARN_DIRECT_OBJC_ISA_USAGE = YES_ERROR;
				CLANG_WARN_DOCUMENTATION_COMMENTS = YES;
				CLANG_WARN_OBJC_ROOT_CLASS = YES_ERROR;
				CLANG_WARN_UNREACHABLE_CODE = YES;
				"CODE_SIGN_IDENTITY[sdk=iphoneos*]" = "iPhone Developer";
				CURRENT_PROJECT_VERSION = 1;
				DEBUG_INFORMATION_FORMAT = dwarf;
				DEFINES_MODULE = YES;
				DYLIB_COMPATIBILITY_VERSION = 1;
				DYLIB_CURRENT_VERSION = 1;
				DYLIB_INSTALL_NAME_BASE = "@rpath";
				ENABLE_STRICT_OBJC_MSGSEND = YES;
				GCC_NO_COMMON_BLOCKS = YES;
				GCC_WARN_64_TO_32_BIT_CONVERSION = YES;
				GCC_WARN_ABOUT_RETURN_TYPE = YES_ERROR;
				GCC_WARN_UNDECLARED_SELECTOR = YES;
				GCC_WARN_UNINITIALIZED_AUTOS = YES_AGGRESSIVE;
				GCC_WARN_UNUSED_FUNCTION = YES;
				INFOPLIST_FILE = Playbasis/Info.plist;
				INSTALL_PATH = "$(LOCAL_LIBRARY_DIR)/Frameworks";
				IPHONEOS_DEPLOYMENT_TARGET = 10.0;
				LD_RUNPATH_SEARCH_PATHS = "$(inherited) @executable_path/Frameworks @loader_path/Frameworks";
				MTL_ENABLE_DEBUG_INFO = YES;
				PRODUCT_BUNDLE_IDENTIFIER = com.playbasis.ios.playbasissdk.Playbasis;
				PRODUCT_NAME = "$(TARGET_NAME)";
				SKIP_INSTALL = YES;
				TARGETED_DEVICE_FAMILY = "1,2";
				VERSIONING_SYSTEM = "apple-generic";
				VERSION_INFO_PREFIX = "";
			};
			name = Debug;
		};
		1EB064D21D368CB3002CA239 /* Release */ = {
			isa = XCBuildConfiguration;
			baseConfigurationReference = 9EFCA4C34C08EAB0D48A7E6A /* Pods-Playbasis.release.xcconfig */;
			buildSettings = {
				CLANG_ANALYZER_NONNULL = YES;
				CLANG_ENABLE_MODULES = YES;
				CLANG_ENABLE_OBJC_ARC = YES;
				CLANG_WARN_BOOL_CONVERSION = YES;
				CLANG_WARN_DIRECT_OBJC_ISA_USAGE = YES_ERROR;
				CLANG_WARN_DOCUMENTATION_COMMENTS = YES;
				CLANG_WARN_OBJC_ROOT_CLASS = YES_ERROR;
				CLANG_WARN_UNREACHABLE_CODE = YES;
				"CODE_SIGN_IDENTITY[sdk=iphoneos*]" = "iPhone Developer";
				COPY_PHASE_STRIP = NO;
				CURRENT_PROJECT_VERSION = 1;
				DEBUG_INFORMATION_FORMAT = "dwarf-with-dsym";
				DEFINES_MODULE = YES;
				DYLIB_COMPATIBILITY_VERSION = 1;
				DYLIB_CURRENT_VERSION = 1;
				DYLIB_INSTALL_NAME_BASE = "@rpath";
				ENABLE_NS_ASSERTIONS = NO;
				ENABLE_STRICT_OBJC_MSGSEND = YES;
				GCC_NO_COMMON_BLOCKS = YES;
				GCC_WARN_64_TO_32_BIT_CONVERSION = YES;
				GCC_WARN_ABOUT_RETURN_TYPE = YES_ERROR;
				GCC_WARN_UNDECLARED_SELECTOR = YES;
				GCC_WARN_UNINITIALIZED_AUTOS = YES_AGGRESSIVE;
				GCC_WARN_UNUSED_FUNCTION = YES;
				INFOPLIST_FILE = Playbasis/Info.plist;
				INSTALL_PATH = "$(LOCAL_LIBRARY_DIR)/Frameworks";
				IPHONEOS_DEPLOYMENT_TARGET = 10.0;
				LD_RUNPATH_SEARCH_PATHS = "$(inherited) @executable_path/Frameworks @loader_path/Frameworks";
				MTL_ENABLE_DEBUG_INFO = NO;
				PRODUCT_BUNDLE_IDENTIFIER = com.playbasis.ios.playbasissdk.Playbasis;
				PRODUCT_NAME = "$(TARGET_NAME)";
				SKIP_INSTALL = YES;
				TARGETED_DEVICE_FAMILY = "1,2";
				VERSIONING_SYSTEM = "apple-generic";
				VERSION_INFO_PREFIX = "";
			};
			name = Release;
		};
		1EB065C01D36B47C002CA239 /* Debug */ = {
			isa = XCBuildConfiguration;
			baseConfigurationReference = 302643DB59903AF260199E94 /* Pods-PlaybasisMacOS.debug.xcconfig */;
			buildSettings = {
				CLANG_ANALYZER_NONNULL = YES;
				CLANG_ENABLE_MODULES = YES;
				CLANG_ENABLE_OBJC_ARC = YES;
				CLANG_WARN_BOOL_CONVERSION = YES;
				CLANG_WARN_DIRECT_OBJC_ISA_USAGE = YES_ERROR;
				CLANG_WARN_DOCUMENTATION_COMMENTS = YES;
				CLANG_WARN_OBJC_ROOT_CLASS = YES_ERROR;
				CLANG_WARN_UNREACHABLE_CODE = YES;
				CODE_SIGN_IDENTITY = "-";
				COMBINE_HIDPI_IMAGES = YES;
				CURRENT_PROJECT_VERSION = 1;
				DEBUG_INFORMATION_FORMAT = dwarf;
				DEFINES_MODULE = YES;
				DYLIB_COMPATIBILITY_VERSION = 1;
				DYLIB_CURRENT_VERSION = 1;
				DYLIB_INSTALL_NAME_BASE = "@rpath";
				ENABLE_STRICT_OBJC_MSGSEND = YES;
				FRAMEWORK_VERSION = A;
				GCC_NO_COMMON_BLOCKS = YES;
				GCC_WARN_64_TO_32_BIT_CONVERSION = YES;
				GCC_WARN_ABOUT_RETURN_TYPE = YES_ERROR;
				GCC_WARN_UNDECLARED_SELECTOR = YES;
				GCC_WARN_UNINITIALIZED_AUTOS = YES_AGGRESSIVE;
				GCC_WARN_UNUSED_FUNCTION = YES;
				INFOPLIST_FILE = PlaybasisMacOS/Info.plist;
				INSTALL_PATH = "$(LOCAL_LIBRARY_DIR)/Frameworks";
				LD_RUNPATH_SEARCH_PATHS = "$(inherited) @executable_path/../Frameworks @loader_path/Frameworks";
				MACOSX_DEPLOYMENT_TARGET = 10.12;
				MTL_ENABLE_DEBUG_INFO = YES;
				PRODUCT_BUNDLE_IDENTIFIER = io.wasin.ios.playbasissdk.PlaybasisMacOS;
				PRODUCT_NAME = "$(TARGET_NAME)";
				SDKROOT = macosx;
				SKIP_INSTALL = YES;
				VERSIONING_SYSTEM = "apple-generic";
				VERSION_INFO_PREFIX = "";
			};
			name = Debug;
		};
		1EB065C11D36B47C002CA239 /* Release */ = {
			isa = XCBuildConfiguration;
			baseConfigurationReference = F3FB26EFFE2406FE41F2B091 /* Pods-PlaybasisMacOS.release.xcconfig */;
			buildSettings = {
				CLANG_ANALYZER_NONNULL = YES;
				CLANG_ENABLE_MODULES = YES;
				CLANG_ENABLE_OBJC_ARC = YES;
				CLANG_WARN_BOOL_CONVERSION = YES;
				CLANG_WARN_DIRECT_OBJC_ISA_USAGE = YES_ERROR;
				CLANG_WARN_DOCUMENTATION_COMMENTS = YES;
				CLANG_WARN_OBJC_ROOT_CLASS = YES_ERROR;
				CLANG_WARN_UNREACHABLE_CODE = YES;
				CODE_SIGN_IDENTITY = "-";
				COMBINE_HIDPI_IMAGES = YES;
				COPY_PHASE_STRIP = NO;
				CURRENT_PROJECT_VERSION = 1;
				DEBUG_INFORMATION_FORMAT = "dwarf-with-dsym";
				DEFINES_MODULE = YES;
				DYLIB_COMPATIBILITY_VERSION = 1;
				DYLIB_CURRENT_VERSION = 1;
				DYLIB_INSTALL_NAME_BASE = "@rpath";
				ENABLE_NS_ASSERTIONS = NO;
				ENABLE_STRICT_OBJC_MSGSEND = YES;
				FRAMEWORK_VERSION = A;
				GCC_NO_COMMON_BLOCKS = YES;
				GCC_WARN_64_TO_32_BIT_CONVERSION = YES;
				GCC_WARN_ABOUT_RETURN_TYPE = YES_ERROR;
				GCC_WARN_UNDECLARED_SELECTOR = YES;
				GCC_WARN_UNINITIALIZED_AUTOS = YES_AGGRESSIVE;
				GCC_WARN_UNUSED_FUNCTION = YES;
				INFOPLIST_FILE = PlaybasisMacOS/Info.plist;
				INSTALL_PATH = "$(LOCAL_LIBRARY_DIR)/Frameworks";
				LD_RUNPATH_SEARCH_PATHS = "$(inherited) @executable_path/../Frameworks @loader_path/Frameworks";
				MACOSX_DEPLOYMENT_TARGET = 10.12;
				MTL_ENABLE_DEBUG_INFO = NO;
				PRODUCT_BUNDLE_IDENTIFIER = io.wasin.ios.playbasissdk.PlaybasisMacOS;
				PRODUCT_NAME = "$(TARGET_NAME)";
				SDKROOT = macosx;
				SKIP_INSTALL = YES;
				VERSIONING_SYSTEM = "apple-generic";
				VERSION_INFO_PREFIX = "";
			};
			name = Release;
		};
		1EB065EC1D3746D3002CA239 /* Debug */ = {
			isa = XCBuildConfiguration;
			buildSettings = {
				CLANG_ANALYZER_NONNULL = YES;
				CLANG_ENABLE_MODULES = YES;
				CLANG_ENABLE_OBJC_ARC = YES;
				CLANG_WARN_BOOL_CONVERSION = YES;
				CLANG_WARN_DIRECT_OBJC_ISA_USAGE = YES_ERROR;
				CLANG_WARN_DOCUMENTATION_COMMENTS = YES;
				CLANG_WARN_OBJC_ROOT_CLASS = YES_ERROR;
				CLANG_WARN_UNREACHABLE_CODE = YES;
				"CODE_SIGN_IDENTITY[sdk=iphoneos*]" = "iPhone Developer";
				CURRENT_PROJECT_VERSION = 1;
				DEBUG_INFORMATION_FORMAT = dwarf;
				DEFINES_MODULE = YES;
				DYLIB_COMPATIBILITY_VERSION = 1;
				DYLIB_CURRENT_VERSION = 1;
				DYLIB_INSTALL_NAME_BASE = "@rpath";
				ENABLE_STRICT_OBJC_MSGSEND = YES;
				GCC_NO_COMMON_BLOCKS = YES;
				GCC_WARN_64_TO_32_BIT_CONVERSION = YES;
				GCC_WARN_ABOUT_RETURN_TYPE = YES_ERROR;
				GCC_WARN_UNDECLARED_SELECTOR = YES;
				GCC_WARN_UNINITIALIZED_AUTOS = YES_AGGRESSIVE;
				GCC_WARN_UNUSED_FUNCTION = YES;
				INFOPLIST_FILE = PlaybasisWrapper/Info.plist;
				INSTALL_PATH = "$(LOCAL_LIBRARY_DIR)/Frameworks";
				IPHONEOS_DEPLOYMENT_TARGET = 10.0;
				LD_RUNPATH_SEARCH_PATHS = "$(inherited) @executable_path/Frameworks @loader_path/Frameworks";
				MTL_ENABLE_DEBUG_INFO = YES;
				PRODUCT_BUNDLE_IDENTIFIER = io.wasin.ios.playbasissdk.PlaybasisWrapper;
				PRODUCT_NAME = "$(TARGET_NAME)";
				SKIP_INSTALL = YES;
				TARGETED_DEVICE_FAMILY = "1,2";
				VERSIONING_SYSTEM = "apple-generic";
				VERSION_INFO_PREFIX = "";
			};
			name = Debug;
		};
		1EB065ED1D3746D3002CA239 /* Release */ = {
			isa = XCBuildConfiguration;
			buildSettings = {
				CLANG_ANALYZER_NONNULL = YES;
				CLANG_ENABLE_MODULES = YES;
				CLANG_ENABLE_OBJC_ARC = YES;
				CLANG_WARN_BOOL_CONVERSION = YES;
				CLANG_WARN_DIRECT_OBJC_ISA_USAGE = YES_ERROR;
				CLANG_WARN_DOCUMENTATION_COMMENTS = YES;
				CLANG_WARN_OBJC_ROOT_CLASS = YES_ERROR;
				CLANG_WARN_UNREACHABLE_CODE = YES;
				"CODE_SIGN_IDENTITY[sdk=iphoneos*]" = "iPhone Developer";
				COPY_PHASE_STRIP = NO;
				CURRENT_PROJECT_VERSION = 1;
				DEBUG_INFORMATION_FORMAT = "dwarf-with-dsym";
				DEFINES_MODULE = YES;
				DYLIB_COMPATIBILITY_VERSION = 1;
				DYLIB_CURRENT_VERSION = 1;
				DYLIB_INSTALL_NAME_BASE = "@rpath";
				ENABLE_NS_ASSERTIONS = NO;
				ENABLE_STRICT_OBJC_MSGSEND = YES;
				GCC_NO_COMMON_BLOCKS = YES;
				GCC_WARN_64_TO_32_BIT_CONVERSION = YES;
				GCC_WARN_ABOUT_RETURN_TYPE = YES_ERROR;
				GCC_WARN_UNDECLARED_SELECTOR = YES;
				GCC_WARN_UNINITIALIZED_AUTOS = YES_AGGRESSIVE;
				GCC_WARN_UNUSED_FUNCTION = YES;
				INFOPLIST_FILE = PlaybasisWrapper/Info.plist;
				INSTALL_PATH = "$(LOCAL_LIBRARY_DIR)/Frameworks";
				IPHONEOS_DEPLOYMENT_TARGET = 10.0;
				LD_RUNPATH_SEARCH_PATHS = "$(inherited) @executable_path/Frameworks @loader_path/Frameworks";
				MTL_ENABLE_DEBUG_INFO = NO;
				PRODUCT_BUNDLE_IDENTIFIER = io.wasin.ios.playbasissdk.PlaybasisWrapper;
				PRODUCT_NAME = "$(TARGET_NAME)";
				SKIP_INSTALL = YES;
				TARGETED_DEVICE_FAMILY = "1,2";
				VERSIONING_SYSTEM = "apple-generic";
				VERSION_INFO_PREFIX = "";
			};
			name = Release;
		};
		1EB066111D374E1B002CA239 /* Debug */ = {
			isa = XCBuildConfiguration;
			buildSettings = {
				CLANG_ANALYZER_NONNULL = YES;
				CLANG_ENABLE_MODULES = YES;
				CLANG_ENABLE_OBJC_ARC = YES;
				CLANG_WARN_BOOL_CONVERSION = YES;
				CLANG_WARN_DIRECT_OBJC_ISA_USAGE = YES_ERROR;
				CLANG_WARN_DOCUMENTATION_COMMENTS = YES;
				CLANG_WARN_OBJC_ROOT_CLASS = YES_ERROR;
				CLANG_WARN_UNREACHABLE_CODE = YES;
				CODE_SIGN_IDENTITY = "-";
				COMBINE_HIDPI_IMAGES = YES;
				CURRENT_PROJECT_VERSION = 1;
				DEBUG_INFORMATION_FORMAT = dwarf;
				DEFINES_MODULE = YES;
				DYLIB_COMPATIBILITY_VERSION = 1;
				DYLIB_CURRENT_VERSION = 1;
				DYLIB_INSTALL_NAME_BASE = "@rpath";
				ENABLE_STRICT_OBJC_MSGSEND = YES;
				FRAMEWORK_VERSION = A;
				GCC_NO_COMMON_BLOCKS = YES;
				GCC_WARN_64_TO_32_BIT_CONVERSION = YES;
				GCC_WARN_ABOUT_RETURN_TYPE = YES_ERROR;
				GCC_WARN_UNDECLARED_SELECTOR = YES;
				GCC_WARN_UNINITIALIZED_AUTOS = YES_AGGRESSIVE;
				GCC_WARN_UNUSED_FUNCTION = YES;
				INFOPLIST_FILE = PlaybasisMacOSWrapper/Info.plist;
				INSTALL_PATH = "$(LOCAL_LIBRARY_DIR)/Frameworks";
				LD_RUNPATH_SEARCH_PATHS = "$(inherited) @executable_path/../Frameworks @loader_path/Frameworks";
				MACOSX_DEPLOYMENT_TARGET = 10.12;
				MTL_ENABLE_DEBUG_INFO = YES;
				PRODUCT_BUNDLE_IDENTIFIER = io.wasin.ios.playbasissdk.PlaybasisMacOSWrapper;
				PRODUCT_NAME = "$(TARGET_NAME)";
				SDKROOT = macosx;
				SKIP_INSTALL = YES;
				VERSIONING_SYSTEM = "apple-generic";
				VERSION_INFO_PREFIX = "";
			};
			name = Debug;
		};
		1EB066121D374E1B002CA239 /* Release */ = {
			isa = XCBuildConfiguration;
			buildSettings = {
				CLANG_ANALYZER_NONNULL = YES;
				CLANG_ENABLE_MODULES = YES;
				CLANG_ENABLE_OBJC_ARC = YES;
				CLANG_WARN_BOOL_CONVERSION = YES;
				CLANG_WARN_DIRECT_OBJC_ISA_USAGE = YES_ERROR;
				CLANG_WARN_DOCUMENTATION_COMMENTS = YES;
				CLANG_WARN_OBJC_ROOT_CLASS = YES_ERROR;
				CLANG_WARN_UNREACHABLE_CODE = YES;
				CODE_SIGN_IDENTITY = "-";
				COMBINE_HIDPI_IMAGES = YES;
				COPY_PHASE_STRIP = NO;
				CURRENT_PROJECT_VERSION = 1;
				DEBUG_INFORMATION_FORMAT = "dwarf-with-dsym";
				DEFINES_MODULE = YES;
				DYLIB_COMPATIBILITY_VERSION = 1;
				DYLIB_CURRENT_VERSION = 1;
				DYLIB_INSTALL_NAME_BASE = "@rpath";
				ENABLE_NS_ASSERTIONS = NO;
				ENABLE_STRICT_OBJC_MSGSEND = YES;
				FRAMEWORK_VERSION = A;
				GCC_NO_COMMON_BLOCKS = YES;
				GCC_WARN_64_TO_32_BIT_CONVERSION = YES;
				GCC_WARN_ABOUT_RETURN_TYPE = YES_ERROR;
				GCC_WARN_UNDECLARED_SELECTOR = YES;
				GCC_WARN_UNINITIALIZED_AUTOS = YES_AGGRESSIVE;
				GCC_WARN_UNUSED_FUNCTION = YES;
				INFOPLIST_FILE = PlaybasisMacOSWrapper/Info.plist;
				INSTALL_PATH = "$(LOCAL_LIBRARY_DIR)/Frameworks";
				LD_RUNPATH_SEARCH_PATHS = "$(inherited) @executable_path/../Frameworks @loader_path/Frameworks";
				MACOSX_DEPLOYMENT_TARGET = 10.12;
				MTL_ENABLE_DEBUG_INFO = NO;
				PRODUCT_BUNDLE_IDENTIFIER = io.wasin.ios.playbasissdk.PlaybasisMacOSWrapper;
				PRODUCT_NAME = "$(TARGET_NAME)";
				SDKROOT = macosx;
				SKIP_INSTALL = YES;
				VERSIONING_SYSTEM = "apple-generic";
				VERSION_INFO_PREFIX = "";
			};
			name = Release;
		};
		1EB066281D375020002CA239 /* Debug */ = {
			isa = XCBuildConfiguration;
			buildSettings = {
				CLANG_ANALYZER_NONNULL = YES;
				CLANG_ENABLE_MODULES = YES;
				CLANG_ENABLE_OBJC_ARC = YES;
				CLANG_WARN_BOOL_CONVERSION = YES;
				CLANG_WARN_DIRECT_OBJC_ISA_USAGE = YES_ERROR;
				CLANG_WARN_DOCUMENTATION_COMMENTS = YES;
				CLANG_WARN_OBJC_ROOT_CLASS = YES_ERROR;
				CLANG_WARN_UNREACHABLE_CODE = YES;
				CODE_SIGN_IDENTITY = "-";
				COMBINE_HIDPI_IMAGES = YES;
				DEBUG_INFORMATION_FORMAT = dwarf;
				ENABLE_STRICT_OBJC_MSGSEND = YES;
				GCC_NO_COMMON_BLOCKS = YES;
				GCC_WARN_64_TO_32_BIT_CONVERSION = YES;
				GCC_WARN_ABOUT_RETURN_TYPE = YES_ERROR;
				GCC_WARN_UNDECLARED_SELECTOR = YES;
				GCC_WARN_UNINITIALIZED_AUTOS = YES_AGGRESSIVE;
				GCC_WARN_UNUSED_FUNCTION = YES;
				INFOPLIST_FILE = PlaybasisMacOSWrapperBundle/Info.plist;
				INSTALL_PATH = "$(LOCAL_LIBRARY_DIR)/Bundles";
				MACOSX_DEPLOYMENT_TARGET = 10.12;
				MTL_ENABLE_DEBUG_INFO = YES;
				PRODUCT_BUNDLE_IDENTIFIER = io.wasin.ios.playbasissdk.PlaybasisMacOSWrapperBundle;
				PRODUCT_NAME = "$(TARGET_NAME)";
				SDKROOT = macosx;
				SKIP_INSTALL = YES;
				WRAPPER_EXTENSION = bundle;
			};
			name = Debug;
		};
		1EB066291D375020002CA239 /* Release */ = {
			isa = XCBuildConfiguration;
			buildSettings = {
				CLANG_ANALYZER_NONNULL = YES;
				CLANG_ENABLE_MODULES = YES;
				CLANG_ENABLE_OBJC_ARC = YES;
				CLANG_WARN_BOOL_CONVERSION = YES;
				CLANG_WARN_DIRECT_OBJC_ISA_USAGE = YES_ERROR;
				CLANG_WARN_DOCUMENTATION_COMMENTS = YES;
				CLANG_WARN_OBJC_ROOT_CLASS = YES_ERROR;
				CLANG_WARN_UNREACHABLE_CODE = YES;
				CODE_SIGN_IDENTITY = "-";
				COMBINE_HIDPI_IMAGES = YES;
				COPY_PHASE_STRIP = NO;
				DEBUG_INFORMATION_FORMAT = "dwarf-with-dsym";
				ENABLE_NS_ASSERTIONS = NO;
				ENABLE_STRICT_OBJC_MSGSEND = YES;
				GCC_NO_COMMON_BLOCKS = YES;
				GCC_WARN_64_TO_32_BIT_CONVERSION = YES;
				GCC_WARN_ABOUT_RETURN_TYPE = YES_ERROR;
				GCC_WARN_UNDECLARED_SELECTOR = YES;
				GCC_WARN_UNINITIALIZED_AUTOS = YES_AGGRESSIVE;
				GCC_WARN_UNUSED_FUNCTION = YES;
				INFOPLIST_FILE = PlaybasisMacOSWrapperBundle/Info.plist;
				INSTALL_PATH = "$(LOCAL_LIBRARY_DIR)/Bundles";
				MACOSX_DEPLOYMENT_TARGET = 10.12;
				MTL_ENABLE_DEBUG_INFO = NO;
				PRODUCT_BUNDLE_IDENTIFIER = io.wasin.ios.playbasissdk.PlaybasisMacOSWrapperBundle;
				PRODUCT_NAME = "$(TARGET_NAME)";
				SDKROOT = macosx;
				SKIP_INSTALL = YES;
				WRAPPER_EXTENSION = bundle;
			};
			name = Release;
		};
		2C1C750117461E1B005F3B57 /* Debug */ = {
			isa = XCBuildConfiguration;
			buildSettings = {
				ALWAYS_SEARCH_USER_PATHS = NO;
				CLANG_CXX_LANGUAGE_STANDARD = "gnu++0x";
				CLANG_CXX_LIBRARY = "libc++";
				CLANG_WARN_CONSTANT_CONVERSION = YES;
				CLANG_WARN_EMPTY_BODY = YES;
				CLANG_WARN_ENUM_CONVERSION = YES;
				CLANG_WARN_INT_CONVERSION = YES;
				CLANG_WARN__DUPLICATE_METHOD_MATCH = YES;
				COPY_PHASE_STRIP = NO;
				ENABLE_TESTABILITY = YES;
				GCC_C_LANGUAGE_STANDARD = gnu99;
				GCC_DYNAMIC_NO_PIC = NO;
				GCC_OPTIMIZATION_LEVEL = 0;
				GCC_PREPROCESSOR_DEFINITIONS = (
					"DEBUG=1",
					"$(inherited)",
				);
				GCC_SYMBOLS_PRIVATE_EXTERN = NO;
				GCC_WARN_ABOUT_RETURN_TYPE = YES;
				GCC_WARN_UNINITIALIZED_AUTOS = YES;
				GCC_WARN_UNUSED_VARIABLE = YES;
				IPHONEOS_DEPLOYMENT_TARGET = 6.1;
				ONLY_ACTIVE_ARCH = YES;
				SDKROOT = iphoneos;
			};
			name = Debug;
		};
		2C1C750217461E1B005F3B57 /* Release */ = {
			isa = XCBuildConfiguration;
			buildSettings = {
				ALWAYS_SEARCH_USER_PATHS = NO;
				CLANG_CXX_LANGUAGE_STANDARD = "gnu++0x";
				CLANG_CXX_LIBRARY = "libc++";
				CLANG_WARN_CONSTANT_CONVERSION = YES;
				CLANG_WARN_EMPTY_BODY = YES;
				CLANG_WARN_ENUM_CONVERSION = YES;
				CLANG_WARN_INT_CONVERSION = YES;
				CLANG_WARN__DUPLICATE_METHOD_MATCH = YES;
				COPY_PHASE_STRIP = YES;
				GCC_C_LANGUAGE_STANDARD = gnu99;
				GCC_WARN_ABOUT_RETURN_TYPE = YES;
				GCC_WARN_UNINITIALIZED_AUTOS = YES;
				GCC_WARN_UNUSED_VARIABLE = YES;
				IPHONEOS_DEPLOYMENT_TARGET = 6.1;
				SDKROOT = iphoneos;
				VALIDATE_PRODUCT = YES;
			};
			name = Release;
		};
/* End XCBuildConfiguration section */

/* Begin XCConfigurationList section */
		1E82EDCB1D391EF400775DA0 /* Build configuration list for PBXNativeTarget "PlaybasisTestSuite" */ = {
			isa = XCConfigurationList;
			buildConfigurations = (
				1E82EDC91D391EF400775DA0 /* Debug */,
				1E82EDCA1D391EF400775DA0 /* Release */,
			);
			defaultConfigurationIsVisible = 0;
		};
		1EB064D01D368CB3002CA239 /* Build configuration list for PBXNativeTarget "Playbasis" */ = {
			isa = XCConfigurationList;
			buildConfigurations = (
				1EB064D11D368CB3002CA239 /* Debug */,
				1EB064D21D368CB3002CA239 /* Release */,
			);
			defaultConfigurationIsVisible = 0;
			defaultConfigurationName = Release;
		};
		1EB065BF1D36B47C002CA239 /* Build configuration list for PBXNativeTarget "PlaybasisMacOS" */ = {
			isa = XCConfigurationList;
			buildConfigurations = (
				1EB065C01D36B47C002CA239 /* Debug */,
				1EB065C11D36B47C002CA239 /* Release */,
			);
			defaultConfigurationIsVisible = 0;
			defaultConfigurationName = Release;
		};
		1EB065EE1D3746D3002CA239 /* Build configuration list for PBXNativeTarget "PlaybasisWrapper" */ = {
			isa = XCConfigurationList;
			buildConfigurations = (
				1EB065EC1D3746D3002CA239 /* Debug */,
				1EB065ED1D3746D3002CA239 /* Release */,
			);
			defaultConfigurationIsVisible = 0;
			defaultConfigurationName = Release;
		};
		1EB066101D374E1B002CA239 /* Build configuration list for PBXNativeTarget "PlaybasisMacOSWrapper" */ = {
			isa = XCConfigurationList;
			buildConfigurations = (
				1EB066111D374E1B002CA239 /* Debug */,
				1EB066121D374E1B002CA239 /* Release */,
			);
			defaultConfigurationIsVisible = 0;
			defaultConfigurationName = Release;
		};
		1EB066271D375020002CA239 /* Build configuration list for PBXNativeTarget "PlaybasisMacOSWrapperBundle" */ = {
			isa = XCConfigurationList;
			buildConfigurations = (
				1EB066281D375020002CA239 /* Debug */,
				1EB066291D375020002CA239 /* Release */,
			);
			defaultConfigurationIsVisible = 0;
			defaultConfigurationName = Release;
		};
		2C1C74F017461E1B005F3B57 /* Build configuration list for PBXProject "pblib" */ = {
			isa = XCConfigurationList;
			buildConfigurations = (
				2C1C750117461E1B005F3B57 /* Debug */,
				2C1C750217461E1B005F3B57 /* Release */,
			);
			defaultConfigurationIsVisible = 0;
			defaultConfigurationName = Release;
		};
/* End XCConfigurationList section */
	};
	rootObject = 2C1C74ED17461E1B005F3B57 /* Project object */;
}
